<?xml version="1.0" encoding="utf-8"?>
<Project ToolsVersion="4.0" xmlns="http://schemas.microsoft.com/developer/msbuild/2003">
  <ItemGroup>
    <ClCompile Include="dllmain.cpp">
      <Filter>Source Files</Filter>
    </ClCompile>
    <ClCompile Include="pch.cpp">
      <Filter>Source Files</Filter>
    </ClCompile>
    <ClCompile Include="powerpreview.cpp">
      <Filter>Source Files</Filter>
    </ClCompile>
    <ClCompile Include="trace.cpp">
      <Filter>Source Files</Filter>
    </ClCompile>
  </ItemGroup>
  <ItemGroup>
    <ClInclude Include="pch.h" />
    <ClInclude Include="Generated Files/resource.h">
      <Filter>Generated Files</Filter>
    </ClInclude>
    <ClInclude Include="CLSID.h">
      <Filter>Header Files</Filter>
    </ClInclude>
    <ClInclude Include="powerpreview.h">
      <Filter>Header Files</Filter>
    </ClInclude>
    <ClInclude Include="trace.h">
      <Filter>Header Files</Filter>
    </ClInclude>
    <ClInclude Include="powerpreviewConstants.h" />
  </ItemGroup>
  <ItemGroup>
    <None Include="powerpreview.def" />
    <None Include="packages.config" />
    <None Include="Resources.resx">
      <Filter>Resource Files</Filter>
    </None>
    <None Include="powerpreview.base.rc">
      <Filter>Resource Files</Filter>
    </None>
    <None Include="resource.base.h">
      <Filter>Header Files</Filter>
    </None>
  </ItemGroup>
  <ItemGroup>
    <Filter Include="Resource Files">
      <UniqueIdentifier>{b7f5e645-7a71-434f-b1de-3f92cb78f610}</UniqueIdentifier>
    </Filter>
    <Filter Include="Header Files">
      <UniqueIdentifier>{9999f820-649a-456b-9eb5-e36d0d14ca5d}</UniqueIdentifier>
    </Filter>
    <Filter Include="Generated Files">
      <UniqueIdentifier>{8db56831-427b-4c55-9a50-7298bf009fa4}</UniqueIdentifier>
    </Filter>
    <Filter Include="Source Files">
      <UniqueIdentifier>{5d9192dd-25e2-46ed-a77a-310eb4d250fb}</UniqueIdentifier>
    </Filter>
  </ItemGroup>
  <ItemGroup>
    <ResourceCompile Include="Generated Files/powerpreview.rc">
      <Filter>Generated Files</Filter>
    </ResourceCompile>
  </ItemGroup>
  <ItemGroup>
    <Natvis Include="$(MSBuildThisFileDirectory)..\..\natvis\wil.natvis" />
  </ItemGroup>
</Project>