
Microsoft Visual Studio Solution File, Format Version 12.00
# Visual Studio Version 16
VisualStudioVersion = 16.0.29728.190
MinimumVisualStudioVersion = 10.0.40219.1
Project("{8BC9CEB8-8B4A-11D0-8D11-00A0C91BC942}") = "runner", "src\runner\runner.vcxproj", "{9412D5C6-2CF2-4FC2-A601-B55508EA9B27}"
	ProjectSection(ProjectDependencies) = postProject
		{48804216-2A0E-4168-A6D8-9CD068D14227} = {48804216-2A0E-4168-A6D8-9CD068D14227}
		{51D3BD1F-07A8-48EB-B2A0-0A249CD4E1A6} = {51D3BD1F-07A8-48EB-B2A0-0A249CD4E1A6}
		{74485049-C722-400F-ABE5-86AC52D929B3} = {74485049-C722-400F-ABE5-86AC52D929B3}
		{B9BDF8BE-FED7-49B5-A7AE-DD4D1CA2D9EB} = {B9BDF8BE-FED7-49B5-A7AE-DD4D1CA2D9EB}
		{A46629C4-1A6C-40FA-A8B6-10E5102BB0BA} = {A46629C4-1A6C-40FA-A8B6-10E5102BB0BA}
		{07C389E3-6BC8-41CF-923E-307B1265FA2D} = {07C389E3-6BC8-41CF-923E-307B1265FA2D}
	EndProjectSection
EndProject
Project("{8BC9CEB8-8B4A-11D0-8D11-00A0C91BC942}") = "common", "src\common\common.vcxproj", "{74485049-C722-400F-ABE5-86AC52D929B3}"
EndProject
Project("{8BC9CEB8-8B4A-11D0-8D11-00A0C91BC942}") = "shortcut_guide", "src\modules\shortcut_guide\shortcut_guide.vcxproj", "{A46629C4-1A6C-40FA-A8B6-10E5102BB0BA}"
	ProjectSection(ProjectDependencies) = postProject
		{74485049-C722-400F-ABE5-86AC52D929B3} = {74485049-C722-400F-ABE5-86AC52D929B3}
	EndProjectSection
EndProject
Project("{8BC9CEB8-8B4A-11D0-8D11-00A0C91BC942}") = "example_powertoy", "src\modules\example_powertoy\example_powertoy.vcxproj", "{44CC9375-3E6E-4D99-8913-7FB748807EBD}"
	ProjectSection(ProjectDependencies) = postProject
		{74485049-C722-400F-ABE5-86AC52D929B3} = {74485049-C722-400F-ABE5-86AC52D929B3}
	EndProjectSection
EndProject
Project("{2150E333-8FDC-42A3-9474-1A3956D46DE8}") = "modules", "modules", "{4574FDD0-F61D-4376-98BF-E5A1262C11EC}"
EndProject
Project("{2150E333-8FDC-42A3-9474-1A3956D46DE8}") = "interface", "interface", "{3BB8493E-D18E-4485-A320-CB40F90F55AE}"
	ProjectSection(SolutionItems) = preProject
		src\modules\interface\lowlevel_keyboard_event_data.h = src\modules\interface\lowlevel_keyboard_event_data.h
		src\modules\interface\powertoy_module_interface.h = src\modules\interface\powertoy_module_interface.h
		src\modules\interface\powertoy_system_menu.h = src\modules\interface\powertoy_system_menu.h
		src\modules\interface\win_hook_event_data.h = src\modules\interface\win_hook_event_data.h
	EndProjectSection
EndProject
Project("{8BC9CEB8-8B4A-11D0-8D11-00A0C91BC942}") = "settings", "src\settings\settings.vcxproj", "{07C389E3-6BC8-41CF-923E-307B1265FA2D}"
EndProject
Project("{2150E333-8FDC-42A3-9474-1A3956D46DE8}") = "fancyzones", "fancyzones", "{D1D6BC88-09AE-4FB4-AD24-5DED46A791DD}"
EndProject
Project("{8BC9CEB8-8B4A-11D0-8D11-00A0C91BC942}") = "FancyZonesLib", "src\modules\fancyzones\lib\FancyZonesLib.vcxproj", "{F9C68EDF-AC74-4B77-9AF1-005D9C9F6A99}"
EndProject
Project("{8BC9CEB8-8B4A-11D0-8D11-00A0C91BC942}") = "fancyzones", "src\modules\fancyzones\dll\FancyZonesModule.vcxproj", "{48804216-2A0E-4168-A6D8-9CD068D14227}"
	ProjectSection(ProjectDependencies) = postProject
		{74485049-C722-400F-ABE5-86AC52D929B3} = {74485049-C722-400F-ABE5-86AC52D929B3}
		{5CCC8468-DEC8-4D36-99D4-5C891BEBD481} = {5CCC8468-DEC8-4D36-99D4-5C891BEBD481}
	EndProjectSection
EndProject
Project("{8BC9CEB8-8B4A-11D0-8D11-00A0C91BC942}") = "UnitTests-FancyZones", "src\modules\fancyzones\tests\UnitTests\UnitTests.vcxproj", "{9C6A7905-72D4-4BF5-B256-ABFDAEF68AE9}"
	ProjectSection(ProjectDependencies) = postProject
		{74485049-C722-400F-ABE5-86AC52D929B3} = {74485049-C722-400F-ABE5-86AC52D929B3}
		{F9C68EDF-AC74-4B77-9AF1-005D9C9F6A99} = {F9C68EDF-AC74-4B77-9AF1-005D9C9F6A99}
	EndProjectSection
EndProject
Project("{2150E333-8FDC-42A3-9474-1A3956D46DE8}") = "common", "common", "{1AFB6476-670D-4E80-A464-657E01DFF482}"
EndProject
Project("{8BC9CEB8-8B4A-11D0-8D11-00A0C91BC942}") = "UnitTests-CommonLib", "src\common\UnitTests-CommonLib\UnitTests-CommonLib.vcxproj", "{1A066C63-64B3-45F8-92FE-664E1CCE8077}"
	ProjectSection(ProjectDependencies) = postProject
		{74485049-C722-400F-ABE5-86AC52D929B3} = {74485049-C722-400F-ABE5-86AC52D929B3}
	EndProjectSection
EndProject
Project("{FAE04EC0-301F-11D3-BF4B-00C04F79EFBC}") = "FancyZonesEditor", "src\modules\fancyzones\editor\FancyZonesEditor\FancyZonesEditor.csproj", "{5CCC8468-DEC8-4D36-99D4-5C891BEBD481}"
EndProject
Project("{2150E333-8FDC-42A3-9474-1A3956D46DE8}") = "powerrename", "powerrename", "{89E20BCE-EB9C-46C8-8B50-E01A82E6FDC3}"
EndProject
Project("{8BC9CEB8-8B4A-11D0-8D11-00A0C91BC942}") = "PowerRenameExt", "src\modules\powerrename\dll\PowerRenameExt.vcxproj", "{B25AC7A5-FB9F-4789-B392-D5C85E948670}"
	ProjectSection(ProjectDependencies) = postProject
		{0E072714-D127-460B-AFAD-B4C40B412798} = {0E072714-D127-460B-AFAD-B4C40B412798}
		{51920F1F-C28C-4ADF-8660-4238766796C2} = {51920F1F-C28C-4ADF-8660-4238766796C2}
		{74485049-C722-400F-ABE5-86AC52D929B3} = {74485049-C722-400F-ABE5-86AC52D929B3}
	EndProjectSection
EndProject
Project("{8BC9CEB8-8B4A-11D0-8D11-00A0C91BC942}") = "PowerRenameLib", "src\modules\powerrename\lib\PowerRenameLib.vcxproj", "{51920F1F-C28C-4ADF-8660-4238766796C2}"
EndProject
Project("{8BC9CEB8-8B4A-11D0-8D11-00A0C91BC942}") = "PowerRenameUI", "src\modules\powerrename\ui\PowerRenameUI.vcxproj", "{0E072714-D127-460B-AFAD-B4C40B412798}"
	ProjectSection(ProjectDependencies) = postProject
		{51920F1F-C28C-4ADF-8660-4238766796C2} = {51920F1F-C28C-4ADF-8660-4238766796C2}
	EndProjectSection
EndProject
Project("{8BC9CEB8-8B4A-11D0-8D11-00A0C91BC942}") = "PowerRenameTest", "src\modules\powerrename\testapp\PowerRenameTest.vcxproj", "{A3935CF4-46C5-4A88-84D3-6B12E16E6BA2}"
	ProjectSection(ProjectDependencies) = postProject
		{0E072714-D127-460B-AFAD-B4C40B412798} = {0E072714-D127-460B-AFAD-B4C40B412798}
		{51920F1F-C28C-4ADF-8660-4238766796C2} = {51920F1F-C28C-4ADF-8660-4238766796C2}
		{74485049-C722-400F-ABE5-86AC52D929B3} = {74485049-C722-400F-ABE5-86AC52D929B3}
	EndProjectSection
EndProject
Project("{8BC9CEB8-8B4A-11D0-8D11-00A0C91BC942}") = "PowerRenameUnitTests", "src\modules\powerrename\unittests\PowerRenameLibUnitTests.vcxproj", "{2151F984-E006-4A9F-92EF-C6DDE3DC8413}"
	ProjectSection(ProjectDependencies) = postProject
		{0E072714-D127-460B-AFAD-B4C40B412798} = {0E072714-D127-460B-AFAD-B4C40B412798}
		{51920F1F-C28C-4ADF-8660-4238766796C2} = {51920F1F-C28C-4ADF-8660-4238766796C2}
		{74485049-C722-400F-ABE5-86AC52D929B3} = {74485049-C722-400F-ABE5-86AC52D929B3}
		{B25AC7A5-FB9F-4789-B392-D5C85E948670} = {B25AC7A5-FB9F-4789-B392-D5C85E948670}
	EndProjectSection
EndProject
Project("{2150E333-8FDC-42A3-9474-1A3956D46DE8}") = "examples", "examples", "{BEEAB7F2-FFF6-45AB-9CDB-B04CC0734B88}"
EndProject
Project("{8BC9CEB8-8B4A-11D0-8D11-00A0C91BC942}") = "ModuleTemplateCompileTest", "tools\project_template\ModuleTemplate\ModuleTemplateCompileTest.vcxproj", "{64A80062-4D8B-4229-8A38-DFA1D7497749}"
	ProjectSection(ProjectDependencies) = postProject
		{74485049-C722-400F-ABE5-86AC52D929B3} = {74485049-C722-400F-ABE5-86AC52D929B3}
	EndProjectSection
EndProject
Project("{8BC9CEB8-8B4A-11D0-8D11-00A0C91BC942}") = "PowerRenameUWPUI", "src\modules\powerrename\UWPui\PowerRenameUWPUI.vcxproj", "{0485F45C-EA7A-4BB5-804B-3E8D14699387}"
	ProjectSection(ProjectDependencies) = postProject
		{0E072714-D127-460B-AFAD-B4C40B412798} = {0E072714-D127-460B-AFAD-B4C40B412798}
		{74485049-C722-400F-ABE5-86AC52D929B3} = {74485049-C722-400F-ABE5-86AC52D929B3}
	EndProjectSection
EndProject
Project("{8BC9CEB8-8B4A-11D0-8D11-00A0C91BC942}") = "notifications", "src\common\notifications_winrt\notifications.vcxproj", "{0B593A6C-4143-4337-860E-DB5710FB87DB}"
EndProject
Project("{8BC9CEB8-8B4A-11D0-8D11-00A0C91BC942}") = "notifications_dll", "src\common\notifications\notifications_dll.vcxproj", "{031AC72E-FA28-4AB7-B690-6F7B9C28AA73}"
	ProjectSection(ProjectDependencies) = postProject
		{0B593A6C-4143-4337-860E-DB5710FB87DB} = {0B593A6C-4143-4337-860E-DB5710FB87DB}
	EndProjectSection
EndProject
Project("{2150E333-8FDC-42A3-9474-1A3956D46DE8}") = "windowwalker", "windowwalker", "{8DC78AF7-DC3E-4C57-A8FB-7E347DE74A03}"
EndProject
Project("{FAE04EC0-301F-11D3-BF4B-00C04F79EFBC}") = "Window Walker", "src\modules\windowwalker\app\Window Walker\Window Walker.csproj", "{B9BDF8BE-FED7-49B5-A7AE-DD4D1CA2D9EB}"
EndProject
Project("{8BC9CEB8-8B4A-11D0-8D11-00A0C91BC942}") = "WindowWalker", "src\modules\windowwalker\dll\WindowWalker.vcxproj", "{51D3BD1F-07A8-48EB-B2A0-0A249CD4E1A6}"
	ProjectSection(ProjectDependencies) = postProject
		{74485049-C722-400F-ABE5-86AC52D929B3} = {74485049-C722-400F-ABE5-86AC52D929B3}
	EndProjectSection
EndProject
Project("{2150E333-8FDC-42A3-9474-1A3956D46DE8}") = "powerlauncher", "powerlauncher", "{E7DA6A44-A1FC-4850-8902-47F59FB7F32C}"
EndProject
Project("{8BC9CEB8-8B4A-11D0-8D11-00A0C91BC942}") = "PowerLauncher", "src\modules\powerlauncher\PowerLauncher\PowerLauncher.vcxproj", "{947BBD90-69B0-47AB-9A77-93D85672E1DE}"
EndProject
Project("{8BC9CEB8-8B4A-11D0-8D11-00A0C91BC942}") = "PowerLauncherTest", "src\modules\powerlauncher\PowerLauncherTest\PowerLauncherTest.vcxproj", "{1A2062AF-DAB7-439E-8CFF-C9C49D86990B}"
EndProject
Project("{FAE04EC0-301F-11D3-BF4B-00C04F79EFBC}") = "PowerLauncherUI", "src\modules\powerlauncher\PowerLauncherUI\PowerLauncherUI.csproj", "{705F02BD-9A78-45E1-B3D6-454E62DFCB79}"
EndProject
Project("{FAE04EC0-301F-11D3-BF4B-00C04F79EFBC}") = "PowerLauncherUITests", "src\modules\powerlauncher\PowerLauncherUITests\PowerLauncherUITests.csproj", "{9E9710BB-BA91-4AAF-94E1-9B39F8C84177}"
EndProject
Global
	GlobalSection(SolutionConfigurationPlatforms) = preSolution
		Debug|x64 = Debug|x64
		Release|x64 = Release|x64
	EndGlobalSection
	GlobalSection(ProjectConfigurationPlatforms) = postSolution
		{9412D5C6-2CF2-4FC2-A601-B55508EA9B27}.Debug|x64.ActiveCfg = Debug|x64
		{9412D5C6-2CF2-4FC2-A601-B55508EA9B27}.Debug|x64.Build.0 = Debug|x64
		{9412D5C6-2CF2-4FC2-A601-B55508EA9B27}.Release|x64.ActiveCfg = Release|x64
		{9412D5C6-2CF2-4FC2-A601-B55508EA9B27}.Release|x64.Build.0 = Release|x64
		{74485049-C722-400F-ABE5-86AC52D929B3}.Debug|x64.ActiveCfg = Debug|x64
		{74485049-C722-400F-ABE5-86AC52D929B3}.Debug|x64.Build.0 = Debug|x64
		{74485049-C722-400F-ABE5-86AC52D929B3}.Release|x64.ActiveCfg = Release|x64
		{74485049-C722-400F-ABE5-86AC52D929B3}.Release|x64.Build.0 = Release|x64
		{A46629C4-1A6C-40FA-A8B6-10E5102BB0BA}.Debug|x64.ActiveCfg = Debug|x64
		{A46629C4-1A6C-40FA-A8B6-10E5102BB0BA}.Debug|x64.Build.0 = Debug|x64
		{A46629C4-1A6C-40FA-A8B6-10E5102BB0BA}.Release|x64.ActiveCfg = Release|x64
		{A46629C4-1A6C-40FA-A8B6-10E5102BB0BA}.Release|x64.Build.0 = Release|x64
		{44CC9375-3E6E-4D99-8913-7FB748807EBD}.Debug|x64.ActiveCfg = Debug|x64
		{44CC9375-3E6E-4D99-8913-7FB748807EBD}.Debug|x64.Build.0 = Debug|x64
		{44CC9375-3E6E-4D99-8913-7FB748807EBD}.Release|x64.ActiveCfg = Release|x64
		{44CC9375-3E6E-4D99-8913-7FB748807EBD}.Release|x64.Build.0 = Release|x64
		{07C389E3-6BC8-41CF-923E-307B1265FA2D}.Debug|x64.ActiveCfg = Debug|x64
		{07C389E3-6BC8-41CF-923E-307B1265FA2D}.Debug|x64.Build.0 = Debug|x64
		{07C389E3-6BC8-41CF-923E-307B1265FA2D}.Release|x64.ActiveCfg = Release|x64
		{07C389E3-6BC8-41CF-923E-307B1265FA2D}.Release|x64.Build.0 = Release|x64
		{F9C68EDF-AC74-4B77-9AF1-005D9C9F6A99}.Debug|x64.ActiveCfg = Debug|x64
		{F9C68EDF-AC74-4B77-9AF1-005D9C9F6A99}.Debug|x64.Build.0 = Debug|x64
		{F9C68EDF-AC74-4B77-9AF1-005D9C9F6A99}.Release|x64.ActiveCfg = Release|x64
		{F9C68EDF-AC74-4B77-9AF1-005D9C9F6A99}.Release|x64.Build.0 = Release|x64
		{48804216-2A0E-4168-A6D8-9CD068D14227}.Debug|x64.ActiveCfg = Debug|x64
		{48804216-2A0E-4168-A6D8-9CD068D14227}.Debug|x64.Build.0 = Debug|x64
		{48804216-2A0E-4168-A6D8-9CD068D14227}.Release|x64.ActiveCfg = Release|x64
		{48804216-2A0E-4168-A6D8-9CD068D14227}.Release|x64.Build.0 = Release|x64
		{9C6A7905-72D4-4BF5-B256-ABFDAEF68AE9}.Debug|x64.ActiveCfg = Debug|x64
		{9C6A7905-72D4-4BF5-B256-ABFDAEF68AE9}.Debug|x64.Build.0 = Debug|x64
		{9C6A7905-72D4-4BF5-B256-ABFDAEF68AE9}.Release|x64.ActiveCfg = Release|x64
		{9C6A7905-72D4-4BF5-B256-ABFDAEF68AE9}.Release|x64.Build.0 = Release|x64
		{1A066C63-64B3-45F8-92FE-664E1CCE8077}.Debug|x64.ActiveCfg = Debug|x64
		{1A066C63-64B3-45F8-92FE-664E1CCE8077}.Debug|x64.Build.0 = Debug|x64
		{1A066C63-64B3-45F8-92FE-664E1CCE8077}.Release|x64.ActiveCfg = Release|x64
		{1A066C63-64B3-45F8-92FE-664E1CCE8077}.Release|x64.Build.0 = Release|x64
		{5CCC8468-DEC8-4D36-99D4-5C891BEBD481}.Debug|x64.ActiveCfg = Debug|x64
		{5CCC8468-DEC8-4D36-99D4-5C891BEBD481}.Debug|x64.Build.0 = Debug|x64
		{5CCC8468-DEC8-4D36-99D4-5C891BEBD481}.Release|x64.ActiveCfg = Release|x64
		{5CCC8468-DEC8-4D36-99D4-5C891BEBD481}.Release|x64.Build.0 = Release|x64
		{B25AC7A5-FB9F-4789-B392-D5C85E948670}.Debug|x64.ActiveCfg = Debug|x64
		{B25AC7A5-FB9F-4789-B392-D5C85E948670}.Debug|x64.Build.0 = Debug|x64
		{B25AC7A5-FB9F-4789-B392-D5C85E948670}.Release|x64.ActiveCfg = Release|x64
		{B25AC7A5-FB9F-4789-B392-D5C85E948670}.Release|x64.Build.0 = Release|x64
		{51920F1F-C28C-4ADF-8660-4238766796C2}.Debug|x64.ActiveCfg = Debug|x64
		{51920F1F-C28C-4ADF-8660-4238766796C2}.Debug|x64.Build.0 = Debug|x64
		{51920F1F-C28C-4ADF-8660-4238766796C2}.Release|x64.ActiveCfg = Release|x64
		{51920F1F-C28C-4ADF-8660-4238766796C2}.Release|x64.Build.0 = Release|x64
		{0E072714-D127-460B-AFAD-B4C40B412798}.Debug|x64.ActiveCfg = Debug|x64
		{0E072714-D127-460B-AFAD-B4C40B412798}.Debug|x64.Build.0 = Debug|x64
		{0E072714-D127-460B-AFAD-B4C40B412798}.Release|x64.ActiveCfg = Release|x64
		{0E072714-D127-460B-AFAD-B4C40B412798}.Release|x64.Build.0 = Release|x64
		{A3935CF4-46C5-4A88-84D3-6B12E16E6BA2}.Debug|x64.ActiveCfg = Debug|x64
		{A3935CF4-46C5-4A88-84D3-6B12E16E6BA2}.Debug|x64.Build.0 = Debug|x64
		{A3935CF4-46C5-4A88-84D3-6B12E16E6BA2}.Release|x64.ActiveCfg = Release|x64
		{A3935CF4-46C5-4A88-84D3-6B12E16E6BA2}.Release|x64.Build.0 = Release|x64
		{2151F984-E006-4A9F-92EF-C6DDE3DC8413}.Debug|x64.ActiveCfg = Debug|x64
		{2151F984-E006-4A9F-92EF-C6DDE3DC8413}.Debug|x64.Build.0 = Debug|x64
		{2151F984-E006-4A9F-92EF-C6DDE3DC8413}.Release|x64.ActiveCfg = Release|x64
		{2151F984-E006-4A9F-92EF-C6DDE3DC8413}.Release|x64.Build.0 = Release|x64
		{64A80062-4D8B-4229-8A38-DFA1D7497749}.Debug|x64.ActiveCfg = Debug|x64
		{64A80062-4D8B-4229-8A38-DFA1D7497749}.Debug|x64.Build.0 = Debug|x64
		{64A80062-4D8B-4229-8A38-DFA1D7497749}.Release|x64.ActiveCfg = Release|x64
		{64A80062-4D8B-4229-8A38-DFA1D7497749}.Release|x64.Build.0 = Release|x64
		{0485F45C-EA7A-4BB5-804B-3E8D14699387}.Debug|x64.ActiveCfg = Debug|x64
		{0485F45C-EA7A-4BB5-804B-3E8D14699387}.Debug|x64.Build.0 = Debug|x64
		{0485F45C-EA7A-4BB5-804B-3E8D14699387}.Release|x64.ActiveCfg = Release|x64
		{0485F45C-EA7A-4BB5-804B-3E8D14699387}.Release|x64.Build.0 = Release|x64
		{0B593A6C-4143-4337-860E-DB5710FB87DB}.Debug|x64.ActiveCfg = Debug|x64
		{0B593A6C-4143-4337-860E-DB5710FB87DB}.Debug|x64.Build.0 = Debug|x64
		{0B593A6C-4143-4337-860E-DB5710FB87DB}.Release|x64.ActiveCfg = Release|x64
		{0B593A6C-4143-4337-860E-DB5710FB87DB}.Release|x64.Build.0 = Release|x64
		{031AC72E-FA28-4AB7-B690-6F7B9C28AA73}.Debug|x64.ActiveCfg = Debug|x64
		{031AC72E-FA28-4AB7-B690-6F7B9C28AA73}.Debug|x64.Build.0 = Debug|x64
		{031AC72E-FA28-4AB7-B690-6F7B9C28AA73}.Release|x64.ActiveCfg = Release|x64
		{031AC72E-FA28-4AB7-B690-6F7B9C28AA73}.Release|x64.Build.0 = Release|x64
		{B9BDF8BE-FED7-49B5-A7AE-DD4D1CA2D9EB}.Debug|x64.ActiveCfg = Debug|x64
		{B9BDF8BE-FED7-49B5-A7AE-DD4D1CA2D9EB}.Debug|x64.Build.0 = Debug|x64
		{B9BDF8BE-FED7-49B5-A7AE-DD4D1CA2D9EB}.Release|x64.ActiveCfg = Release|x64
		{B9BDF8BE-FED7-49B5-A7AE-DD4D1CA2D9EB}.Release|x64.Build.0 = Release|x64
		{51D3BD1F-07A8-48EB-B2A0-0A249CD4E1A6}.Debug|x64.ActiveCfg = Debug|x64
		{51D3BD1F-07A8-48EB-B2A0-0A249CD4E1A6}.Debug|x64.Build.0 = Debug|x64
		{51D3BD1F-07A8-48EB-B2A0-0A249CD4E1A6}.Release|x64.ActiveCfg = Release|x64
		{51D3BD1F-07A8-48EB-B2A0-0A249CD4E1A6}.Release|x64.Build.0 = Release|x64
		{947BBD90-69B0-47AB-9A77-93D85672E1DE}.Debug|x64.ActiveCfg = Debug|x64
		{947BBD90-69B0-47AB-9A77-93D85672E1DE}.Debug|x64.Build.0 = Debug|x64
		{947BBD90-69B0-47AB-9A77-93D85672E1DE}.Release|x64.ActiveCfg = Release|x64
		{947BBD90-69B0-47AB-9A77-93D85672E1DE}.Release|x64.Build.0 = Release|x64
		{1A2062AF-DAB7-439E-8CFF-C9C49D86990B}.Debug|x64.ActiveCfg = Debug|x64
		{1A2062AF-DAB7-439E-8CFF-C9C49D86990B}.Debug|x64.Build.0 = Debug|x64
		{1A2062AF-DAB7-439E-8CFF-C9C49D86990B}.Release|x64.ActiveCfg = Release|x64
		{1A2062AF-DAB7-439E-8CFF-C9C49D86990B}.Release|x64.Build.0 = Release|x64
		{705F02BD-9A78-45E1-B3D6-454E62DFCB79}.Debug|x64.ActiveCfg = Debug|Any CPU
		{705F02BD-9A78-45E1-B3D6-454E62DFCB79}.Debug|x64.Build.0 = Debug|Any CPU
		{705F02BD-9A78-45E1-B3D6-454E62DFCB79}.Release|x64.ActiveCfg = Release|Any CPU
		{705F02BD-9A78-45E1-B3D6-454E62DFCB79}.Release|x64.Build.0 = Release|Any CPU
		{9E9710BB-BA91-4AAF-94E1-9B39F8C84177}.Debug|x64.ActiveCfg = Debug|Any CPU
		{9E9710BB-BA91-4AAF-94E1-9B39F8C84177}.Debug|x64.Build.0 = Debug|Any CPU
		{9E9710BB-BA91-4AAF-94E1-9B39F8C84177}.Release|x64.ActiveCfg = Release|Any CPU
		{9E9710BB-BA91-4AAF-94E1-9B39F8C84177}.Release|x64.Build.0 = Release|Any CPU
	EndGlobalSection
	GlobalSection(SolutionProperties) = preSolution
		HideSolutionNode = FALSE
	EndGlobalSection
	GlobalSection(NestedProjects) = preSolution
		{74485049-C722-400F-ABE5-86AC52D929B3} = {1AFB6476-670D-4E80-A464-657E01DFF482}
		{A46629C4-1A6C-40FA-A8B6-10E5102BB0BA} = {4574FDD0-F61D-4376-98BF-E5A1262C11EC}
		{44CC9375-3E6E-4D99-8913-7FB748807EBD} = {BEEAB7F2-FFF6-45AB-9CDB-B04CC0734B88}
		{3BB8493E-D18E-4485-A320-CB40F90F55AE} = {4574FDD0-F61D-4376-98BF-E5A1262C11EC}
		{D1D6BC88-09AE-4FB4-AD24-5DED46A791DD} = {4574FDD0-F61D-4376-98BF-E5A1262C11EC}
		{F9C68EDF-AC74-4B77-9AF1-005D9C9F6A99} = {D1D6BC88-09AE-4FB4-AD24-5DED46A791DD}
		{48804216-2A0E-4168-A6D8-9CD068D14227} = {D1D6BC88-09AE-4FB4-AD24-5DED46A791DD}
		{9C6A7905-72D4-4BF5-B256-ABFDAEF68AE9} = {D1D6BC88-09AE-4FB4-AD24-5DED46A791DD}
		{1A066C63-64B3-45F8-92FE-664E1CCE8077} = {1AFB6476-670D-4E80-A464-657E01DFF482}
		{5CCC8468-DEC8-4D36-99D4-5C891BEBD481} = {D1D6BC88-09AE-4FB4-AD24-5DED46A791DD}
		{89E20BCE-EB9C-46C8-8B50-E01A82E6FDC3} = {4574FDD0-F61D-4376-98BF-E5A1262C11EC}
		{B25AC7A5-FB9F-4789-B392-D5C85E948670} = {89E20BCE-EB9C-46C8-8B50-E01A82E6FDC3}
		{51920F1F-C28C-4ADF-8660-4238766796C2} = {89E20BCE-EB9C-46C8-8B50-E01A82E6FDC3}
		{0E072714-D127-460B-AFAD-B4C40B412798} = {89E20BCE-EB9C-46C8-8B50-E01A82E6FDC3}
		{A3935CF4-46C5-4A88-84D3-6B12E16E6BA2} = {89E20BCE-EB9C-46C8-8B50-E01A82E6FDC3}
		{2151F984-E006-4A9F-92EF-C6DDE3DC8413} = {89E20BCE-EB9C-46C8-8B50-E01A82E6FDC3}
		{64A80062-4D8B-4229-8A38-DFA1D7497749} = {BEEAB7F2-FFF6-45AB-9CDB-B04CC0734B88}
		{0485F45C-EA7A-4BB5-804B-3E8D14699387} = {89E20BCE-EB9C-46C8-8B50-E01A82E6FDC3}
		{0B593A6C-4143-4337-860E-DB5710FB87DB} = {1AFB6476-670D-4E80-A464-657E01DFF482}
		{031AC72E-FA28-4AB7-B690-6F7B9C28AA73} = {1AFB6476-670D-4E80-A464-657E01DFF482}
		{8DC78AF7-DC3E-4C57-A8FB-7E347DE74A03} = {4574FDD0-F61D-4376-98BF-E5A1262C11EC}
		{B9BDF8BE-FED7-49B5-A7AE-DD4D1CA2D9EB} = {8DC78AF7-DC3E-4C57-A8FB-7E347DE74A03}
		{51D3BD1F-07A8-48EB-B2A0-0A249CD4E1A6} = {8DC78AF7-DC3E-4C57-A8FB-7E347DE74A03}
		{E7DA6A44-A1FC-4850-8902-47F59FB7F32C} = {4574FDD0-F61D-4376-98BF-E5A1262C11EC}
		{947BBD90-69B0-47AB-9A77-93D85672E1DE} = {E7DA6A44-A1FC-4850-8902-47F59FB7F32C}
		{1A2062AF-DAB7-439E-8CFF-C9C49D86990B} = {E7DA6A44-A1FC-4850-8902-47F59FB7F32C}
		{705F02BD-9A78-45E1-B3D6-454E62DFCB79} = {E7DA6A44-A1FC-4850-8902-47F59FB7F32C}
		{9E9710BB-BA91-4AAF-94E1-9B39F8C84177} = {E7DA6A44-A1FC-4850-8902-47F59FB7F32C}
	EndGlobalSection
	GlobalSection(ExtensibilityGlobals) = postSolution
		SolutionGuid = {C3A2F9D1-7930-4EF4-A6FC-7EE0A99821D0}
	EndGlobalSection
EndGlobal
