
Microsoft Visual Studio Solution File, Format Version 12.00
# Visual Studio 2013
VisualStudioVersion = 12.0.30110.0
MinimumVisualStudioVersion = 10.0.40219.1
Project("{FAE04EC0-301F-11D3-BF4B-00C04F79EFBC}") = "Wox.Test", "Wox.Test\Wox.Test.csproj", "{FF742965-9A80-41A5-B042-D6C7D3A21708}"
EndProject
Project("{FAE04EC0-301F-11D3-BF4B-00C04F79EFBC}") = "Wox.Plugin", "Wox.Plugin\Wox.Plugin.csproj", "{8451ECDD-2EA4-4966-BB0A-7BBC40138E80}"
EndProject
Project("{2150E333-8FDC-42A3-9474-1A3956D46DE8}") = "Plugin", "Plugin", "{3A73F5A7-0335-40D8-BF7C-F20BE5D0BA87}"
EndProject
Project("{FAE04EC0-301F-11D3-BF4B-00C04F79EFBC}") = "Wox", "Wox\Wox.csproj", "{DB90F671-D861-46BB-93A3-F1304F5BA1C5}"
EndProject
Project("{FAE04EC0-301F-11D3-BF4B-00C04F79EFBC}") = "Wox.Plugin.SystemPlugins", "Wox.Plugin.SystemPlugins\Wox.Plugin.SystemPlugins.csproj", "{69CE0206-CB41-453D-88AF-DF86092EF9B8}"
EndProject
Project("{FAE04EC0-301F-11D3-BF4B-00C04F79EFBC}") = "Python.Runtime", "Pythonnet.Runtime\Python.Runtime.csproj", "{097B4AC0-74E9-4C58-BCF8-C69746EC8271}"
EndProject
Project("{FAE04EC0-301F-11D3-BF4B-00C04F79EFBC}") = "Wox.Infrastructure", "Wox.Infrastructure\Wox.Infrastructure.csproj", "{4FD29318-A8AB-4D8F-AA47-60BC241B8DA3}"
EndProject
Project("{FAE04EC0-301F-11D3-BF4B-00C04F79EFBC}") = "Wox.UAC", "Wox.UAC\Wox.UAC.csproj", "{C9BC17A0-C2BC-4185-AC1F-32E3352C1233}"
EndProject
Project("{FAE04EC0-301F-11D3-BF4B-00C04F79EFBC}") = "Wox.Plugin.PluginManagement", "Plugins\Wox.Plugin.PluginManagement\Wox.Plugin.PluginManagement.csproj", "{049490F0-ECD2-4148-9B39-2135EC346EBE}"
EndProject
Global
	GlobalSection(SolutionConfigurationPlatforms) = preSolution
		Debug|Any CPU = Debug|Any CPU
		Release|Any CPU = Release|Any CPU
	EndGlobalSection
	GlobalSection(ProjectConfigurationPlatforms) = postSolution
		{FF742965-9A80-41A5-B042-D6C7D3A21708}.Debug|Any CPU.ActiveCfg = Debug|Any CPU
		{FF742965-9A80-41A5-B042-D6C7D3A21708}.Debug|Any CPU.Build.0 = Debug|Any CPU
		{FF742965-9A80-41A5-B042-D6C7D3A21708}.Release|Any CPU.ActiveCfg = Release|Any CPU
		{FF742965-9A80-41A5-B042-D6C7D3A21708}.Release|Any CPU.Build.0 = Release|Any CPU
		{8451ECDD-2EA4-4966-BB0A-7BBC40138E80}.Debug|Any CPU.ActiveCfg = Debug|Any CPU
		{8451ECDD-2EA4-4966-BB0A-7BBC40138E80}.Debug|Any CPU.Build.0 = Debug|Any CPU
		{8451ECDD-2EA4-4966-BB0A-7BBC40138E80}.Release|Any CPU.ActiveCfg = Release|Any CPU
		{8451ECDD-2EA4-4966-BB0A-7BBC40138E80}.Release|Any CPU.Build.0 = Release|Any CPU
		{DB90F671-D861-46BB-93A3-F1304F5BA1C5}.Debug|Any CPU.ActiveCfg = Debug|Any CPU
		{DB90F671-D861-46BB-93A3-F1304F5BA1C5}.Debug|Any CPU.Build.0 = Debug|Any CPU
		{DB90F671-D861-46BB-93A3-F1304F5BA1C5}.Release|Any CPU.ActiveCfg = Release|Any CPU
		{DB90F671-D861-46BB-93A3-F1304F5BA1C5}.Release|Any CPU.Build.0 = Release|Any CPU
		{69CE0206-CB41-453D-88AF-DF86092EF9B8}.Debug|Any CPU.ActiveCfg = Debug|Any CPU
		{69CE0206-CB41-453D-88AF-DF86092EF9B8}.Debug|Any CPU.Build.0 = Debug|Any CPU
		{69CE0206-CB41-453D-88AF-DF86092EF9B8}.Release|Any CPU.ActiveCfg = Release|Any CPU
		{69CE0206-CB41-453D-88AF-DF86092EF9B8}.Release|Any CPU.Build.0 = Release|Any CPU
		{097B4AC0-74E9-4C58-BCF8-C69746EC8271}.Debug|Any CPU.ActiveCfg = Debug|Any CPU
		{097B4AC0-74E9-4C58-BCF8-C69746EC8271}.Debug|Any CPU.Build.0 = Debug|Any CPU
		{097B4AC0-74E9-4C58-BCF8-C69746EC8271}.Release|Any CPU.ActiveCfg = Release|Any CPU
		{097B4AC0-74E9-4C58-BCF8-C69746EC8271}.Release|Any CPU.Build.0 = Release|Any CPU
		{4FD29318-A8AB-4D8F-AA47-60BC241B8DA3}.Debug|Any CPU.ActiveCfg = Debug|Any CPU
		{4FD29318-A8AB-4D8F-AA47-60BC241B8DA3}.Debug|Any CPU.Build.0 = Debug|Any CPU
		{4FD29318-A8AB-4D8F-AA47-60BC241B8DA3}.Release|Any CPU.ActiveCfg = Release|Any CPU
		{4FD29318-A8AB-4D8F-AA47-60BC241B8DA3}.Release|Any CPU.Build.0 = Release|Any CPU
		{C9BC17A0-C2BC-4185-AC1F-32E3352C1233}.Debug|Any CPU.ActiveCfg = Debug|Any CPU
		{C9BC17A0-C2BC-4185-AC1F-32E3352C1233}.Debug|Any CPU.Build.0 = Debug|Any CPU
		{C9BC17A0-C2BC-4185-AC1F-32E3352C1233}.Release|Any CPU.ActiveCfg = Release|Any CPU
		{C9BC17A0-C2BC-4185-AC1F-32E3352C1233}.Release|Any CPU.Build.0 = Release|Any CPU
		{049490F0-ECD2-4148-9B39-2135EC346EBE}.Debug|Any CPU.ActiveCfg = Debug|Any CPU
		{049490F0-ECD2-4148-9B39-2135EC346EBE}.Debug|Any CPU.Build.0 = Debug|Any CPU
		{049490F0-ECD2-4148-9B39-2135EC346EBE}.Release|Any CPU.ActiveCfg = Release|Any CPU
		{049490F0-ECD2-4148-9B39-2135EC346EBE}.Release|Any CPU.Build.0 = Release|Any CPU
	EndGlobalSection
	GlobalSection(SolutionProperties) = preSolution
		HideSolutionNode = FALSE
	EndGlobalSection
	GlobalSection(NestedProjects) = preSolution
		{049490F0-ECD2-4148-9B39-2135EC346EBE} = {3A73F5A7-0335-40D8-BF7C-F20BE5D0BA87}
	EndGlobalSection
EndGlobal
