
Microsoft Visual Studio Solution File, Format Version 12.00
# Visual Studio 2012
Project("{FAE04EC0-301F-11D3-BF4B-00C04F79EFBC}") = "Wox.Test", "Wox.Test\Wox.Test.csproj", "{FF742965-9A80-41A5-B042-D6C7D3A21708}"
EndProject
Project("{FAE04EC0-301F-11D3-BF4B-00C04F79EFBC}") = "Wox.Plugin", "Wox.Plugin\Wox.Plugin.csproj", "{8451ECDD-2EA4-4966-BB0A-7BBC40138E80}"
EndProject
Project("{2150E333-8FDC-42A3-9474-1A3956D46DE8}") = "Plugin", "Plugin", "{3A73F5A7-0335-40D8-BF7C-F20BE5D0BA87}"
EndProject
Project("{FAE04EC0-301F-11D3-BF4B-00C04F79EFBC}") = "Wox", "Wox\Wox.csproj", "{DB90F671-D861-46BB-93A3-F1304F5BA1C5}"
EndProject
Project("{FAE04EC0-301F-11D3-BF4B-00C04F79EFBC}") = "Wox.Plugin.System", "Wox.Plugin.System\Wox.Plugin.System.csproj", "{69CE0206-CB41-453D-88AF-DF86092EF9B8}"
EndProject
Project("{FAE04EC0-301F-11D3-BF4B-00C04F79EFBC}") = "Wox.Plugin.Fanyi", "Plugins\Wox.Plugin.Fanyi\Wox.Plugin.Fanyi.csproj", "{353769D3-D11C-4D86-BD06-AC8C1D68642B}"
EndProject
Project("{FAE04EC0-301F-11D3-BF4B-00C04F79EFBC}") = "Python.Runtime", "Pythonnet.Runtime\Python.Runtime.csproj", "{097B4AC0-74E9-4C58-BCF8-C69746EC8271}"
EndProject
Project("{FAE04EC0-301F-11D3-BF4B-00C04F79EFBC}") = "Wox.Plugin.Doc", "Plugins\Wox.Plugin.Doc\Wox.Plugin.Doc.csproj", "{6B6696B1-A547-4FD4-85EF-E1FD0F54AD2C}"
EndProject
Project("{FAE04EC0-301F-11D3-BF4B-00C04F79EFBC}") = "Wox.Infrastructure", "Wox.Infrastructure\Wox.Infrastructure.csproj", "{4FD29318-A8AB-4D8F-AA47-60BC241B8DA3}"
EndProject
Project("{FAE04EC0-301F-11D3-BF4B-00C04F79EFBC}") = "Wox.Plugin.Everything", "Plugins\Wox.Plugin.Everything\Wox.Plugin.Everything.csproj", "{230AE83F-E92E-4E69-8355-426B305DA9C0}"
EndProject
Project("{FAE04EC0-301F-11D3-BF4B-00C04F79EFBC}") = "Wox.UAC", "Wox.UAC\Wox.UAC.csproj", "{C9BC17A0-C2BC-4185-AC1F-32E3352C1233}"
EndProject
Project("{FAE04EC0-301F-11D3-BF4B-00C04F79EFBC}") = "Wox.Plugin.Clipboard", "Plugins\Wox.Plugin.Clipboard\Wox.Plugin.Clipboard.csproj", "{8C14DC11-2737-4DCB-A121-5D7BDD57FEA2}"
EndProject
Project("{FAE04EC0-301F-11D3-BF4B-00C04F79EFBC}") = "Wox.Plugin.PluginManagement", "Plugins\Wox.Plugin.PluginManagement\Wox.Plugin.PluginManagement.csproj", "{049490F0-ECD2-4148-9B39-2135EC346EBE}"
EndProject
Project("{FAE04EC0-301F-11D3-BF4B-00C04F79EFBC}") = "Wox.Plugin.Youdao", "Plugins\Wox.Plugin.Youdao\Wox.Plugin.Youdao.csproj", "{AE02E18E-2134-472B-9282-32CDE36B5F0C}"
EndProject
Global
	GlobalSection(SolutionConfigurationPlatforms) = preSolution
		Debug|Any CPU = Debug|Any CPU
		Debug|Mixed Platforms = Debug|Mixed Platforms
		Debug|Win32 = Debug|Win32
		Debug|x64 = Debug|x64
		Debug|x86 = Debug|x86
		EmbeddingTest|Any CPU = EmbeddingTest|Any CPU
		EmbeddingTest|Mixed Platforms = EmbeddingTest|Mixed Platforms
		EmbeddingTest|Win32 = EmbeddingTest|Win32
		EmbeddingTest|x64 = EmbeddingTest|x64
		EmbeddingTest|x86 = EmbeddingTest|x86
		Release|Any CPU = Release|Any CPU
		Release|Mixed Platforms = Release|Mixed Platforms
		Release|Win32 = Release|Win32
		Release|x64 = Release|x64
		Release|x86 = Release|x86
		UnitTests|Any CPU = UnitTests|Any CPU
		UnitTests|Mixed Platforms = UnitTests|Mixed Platforms
		UnitTests|Win32 = UnitTests|Win32
		UnitTests|x64 = UnitTests|x64
		UnitTests|x86 = UnitTests|x86
	EndGlobalSection
	GlobalSection(ProjectConfigurationPlatforms) = postSolution
		{FF742965-9A80-41A5-B042-D6C7D3A21708}.Debug|Any CPU.ActiveCfg = Debug|Any CPU
		{FF742965-9A80-41A5-B042-D6C7D3A21708}.Debug|Any CPU.Build.0 = Debug|Any CPU
		{FF742965-9A80-41A5-B042-D6C7D3A21708}.Debug|Mixed Platforms.ActiveCfg = Debug|Any CPU
		{FF742965-9A80-41A5-B042-D6C7D3A21708}.Debug|Mixed Platforms.Build.0 = Debug|Any CPU
		{FF742965-9A80-41A5-B042-D6C7D3A21708}.Debug|Win32.ActiveCfg = Debug|Any CPU
		{FF742965-9A80-41A5-B042-D6C7D3A21708}.Debug|x64.ActiveCfg = Debug|Any CPU
		{FF742965-9A80-41A5-B042-D6C7D3A21708}.Debug|x86.ActiveCfg = Debug|Any CPU
		{FF742965-9A80-41A5-B042-D6C7D3A21708}.EmbeddingTest|Any CPU.ActiveCfg = Release|Any CPU
		{FF742965-9A80-41A5-B042-D6C7D3A21708}.EmbeddingTest|Any CPU.Build.0 = Release|Any CPU
		{FF742965-9A80-41A5-B042-D6C7D3A21708}.EmbeddingTest|Mixed Platforms.ActiveCfg = Release|Any CPU
		{FF742965-9A80-41A5-B042-D6C7D3A21708}.EmbeddingTest|Mixed Platforms.Build.0 = Release|Any CPU
		{FF742965-9A80-41A5-B042-D6C7D3A21708}.EmbeddingTest|Win32.ActiveCfg = Release|Any CPU
		{FF742965-9A80-41A5-B042-D6C7D3A21708}.EmbeddingTest|x64.ActiveCfg = Release|Any CPU
		{FF742965-9A80-41A5-B042-D6C7D3A21708}.EmbeddingTest|x86.ActiveCfg = Release|Any CPU
		{FF742965-9A80-41A5-B042-D6C7D3A21708}.Release|Any CPU.ActiveCfg = Release|Any CPU
		{FF742965-9A80-41A5-B042-D6C7D3A21708}.Release|Any CPU.Build.0 = Release|Any CPU
		{FF742965-9A80-41A5-B042-D6C7D3A21708}.Release|Mixed Platforms.ActiveCfg = Release|Any CPU
		{FF742965-9A80-41A5-B042-D6C7D3A21708}.Release|Mixed Platforms.Build.0 = Release|Any CPU
		{FF742965-9A80-41A5-B042-D6C7D3A21708}.Release|Win32.ActiveCfg = Release|Any CPU
		{FF742965-9A80-41A5-B042-D6C7D3A21708}.Release|x64.ActiveCfg = Release|Any CPU
		{FF742965-9A80-41A5-B042-D6C7D3A21708}.Release|x86.ActiveCfg = Release|Any CPU
		{FF742965-9A80-41A5-B042-D6C7D3A21708}.UnitTests|Any CPU.ActiveCfg = Release|Any CPU
		{FF742965-9A80-41A5-B042-D6C7D3A21708}.UnitTests|Any CPU.Build.0 = Release|Any CPU
		{FF742965-9A80-41A5-B042-D6C7D3A21708}.UnitTests|Mixed Platforms.ActiveCfg = Release|Any CPU
		{FF742965-9A80-41A5-B042-D6C7D3A21708}.UnitTests|Mixed Platforms.Build.0 = Release|Any CPU
		{FF742965-9A80-41A5-B042-D6C7D3A21708}.UnitTests|Win32.ActiveCfg = Release|Any CPU
		{FF742965-9A80-41A5-B042-D6C7D3A21708}.UnitTests|x64.ActiveCfg = Release|Any CPU
		{FF742965-9A80-41A5-B042-D6C7D3A21708}.UnitTests|x86.ActiveCfg = Release|Any CPU
		{8451ECDD-2EA4-4966-BB0A-7BBC40138E80}.Debug|Any CPU.ActiveCfg = Debug|Any CPU
		{8451ECDD-2EA4-4966-BB0A-7BBC40138E80}.Debug|Any CPU.Build.0 = Debug|Any CPU
		{8451ECDD-2EA4-4966-BB0A-7BBC40138E80}.Debug|Mixed Platforms.ActiveCfg = Debug|Any CPU
		{8451ECDD-2EA4-4966-BB0A-7BBC40138E80}.Debug|Mixed Platforms.Build.0 = Debug|Any CPU
		{8451ECDD-2EA4-4966-BB0A-7BBC40138E80}.Debug|Win32.ActiveCfg = Debug|x86
		{8451ECDD-2EA4-4966-BB0A-7BBC40138E80}.Debug|Win32.Build.0 = Debug|x86
		{8451ECDD-2EA4-4966-BB0A-7BBC40138E80}.Debug|x64.ActiveCfg = Debug|Any CPU
		{8451ECDD-2EA4-4966-BB0A-7BBC40138E80}.Debug|x86.ActiveCfg = Debug|Any CPU
		{8451ECDD-2EA4-4966-BB0A-7BBC40138E80}.Debug|x86.Build.0 = Debug|Any CPU
		{8451ECDD-2EA4-4966-BB0A-7BBC40138E80}.EmbeddingTest|Any CPU.ActiveCfg = Release|Any CPU
		{8451ECDD-2EA4-4966-BB0A-7BBC40138E80}.EmbeddingTest|Any CPU.Build.0 = Release|Any CPU
		{8451ECDD-2EA4-4966-BB0A-7BBC40138E80}.EmbeddingTest|Mixed Platforms.ActiveCfg = Release|x86
		{8451ECDD-2EA4-4966-BB0A-7BBC40138E80}.EmbeddingTest|Mixed Platforms.Build.0 = Release|x86
		{8451ECDD-2EA4-4966-BB0A-7BBC40138E80}.EmbeddingTest|Win32.ActiveCfg = Release|x86
		{8451ECDD-2EA4-4966-BB0A-7BBC40138E80}.EmbeddingTest|Win32.Build.0 = Release|x86
		{8451ECDD-2EA4-4966-BB0A-7BBC40138E80}.EmbeddingTest|x64.ActiveCfg = Release|Any CPU
		{8451ECDD-2EA4-4966-BB0A-7BBC40138E80}.EmbeddingTest|x86.ActiveCfg = Release|x86
		{8451ECDD-2EA4-4966-BB0A-7BBC40138E80}.EmbeddingTest|x86.Build.0 = Release|x86
		{8451ECDD-2EA4-4966-BB0A-7BBC40138E80}.Release|Any CPU.ActiveCfg = Release|Any CPU
		{8451ECDD-2EA4-4966-BB0A-7BBC40138E80}.Release|Any CPU.Build.0 = Release|Any CPU
		{8451ECDD-2EA4-4966-BB0A-7BBC40138E80}.Release|Mixed Platforms.ActiveCfg = Release|Any CPU
		{8451ECDD-2EA4-4966-BB0A-7BBC40138E80}.Release|Mixed Platforms.Build.0 = Release|Any CPU
		{8451ECDD-2EA4-4966-BB0A-7BBC40138E80}.Release|Win32.ActiveCfg = Release|x86
		{8451ECDD-2EA4-4966-BB0A-7BBC40138E80}.Release|Win32.Build.0 = Release|x86
		{8451ECDD-2EA4-4966-BB0A-7BBC40138E80}.Release|x64.ActiveCfg = Release|Any CPU
		{8451ECDD-2EA4-4966-BB0A-7BBC40138E80}.Release|x86.ActiveCfg = Release|Any CPU
		{8451ECDD-2EA4-4966-BB0A-7BBC40138E80}.UnitTests|Any CPU.ActiveCfg = Release|Any CPU
		{8451ECDD-2EA4-4966-BB0A-7BBC40138E80}.UnitTests|Any CPU.Build.0 = Release|Any CPU
		{8451ECDD-2EA4-4966-BB0A-7BBC40138E80}.UnitTests|Mixed Platforms.ActiveCfg = Release|x86
		{8451ECDD-2EA4-4966-BB0A-7BBC40138E80}.UnitTests|Mixed Platforms.Build.0 = Release|x86
		{8451ECDD-2EA4-4966-BB0A-7BBC40138E80}.UnitTests|Win32.ActiveCfg = Release|x86
		{8451ECDD-2EA4-4966-BB0A-7BBC40138E80}.UnitTests|Win32.Build.0 = Release|x86
		{8451ECDD-2EA4-4966-BB0A-7BBC40138E80}.UnitTests|x64.ActiveCfg = Release|Any CPU
		{8451ECDD-2EA4-4966-BB0A-7BBC40138E80}.UnitTests|x86.ActiveCfg = Release|x86
		{8451ECDD-2EA4-4966-BB0A-7BBC40138E80}.UnitTests|x86.Build.0 = Release|x86
		{DB90F671-D861-46BB-93A3-F1304F5BA1C5}.Debug|Any CPU.ActiveCfg = Debug|Any CPU
		{DB90F671-D861-46BB-93A3-F1304F5BA1C5}.Debug|Any CPU.Build.0 = Debug|Any CPU
		{DB90F671-D861-46BB-93A3-F1304F5BA1C5}.Debug|Mixed Platforms.ActiveCfg = Debug|Any CPU
		{DB90F671-D861-46BB-93A3-F1304F5BA1C5}.Debug|Mixed Platforms.Build.0 = Debug|Any CPU
		{DB90F671-D861-46BB-93A3-F1304F5BA1C5}.Debug|Win32.ActiveCfg = Debug|Any CPU
		{DB90F671-D861-46BB-93A3-F1304F5BA1C5}.Debug|x64.ActiveCfg = Debug|Any CPU
		{DB90F671-D861-46BB-93A3-F1304F5BA1C5}.Debug|x86.ActiveCfg = Debug|Any CPU
		{DB90F671-D861-46BB-93A3-F1304F5BA1C5}.EmbeddingTest|Any CPU.ActiveCfg = Release|Any CPU
		{DB90F671-D861-46BB-93A3-F1304F5BA1C5}.EmbeddingTest|Any CPU.Build.0 = Release|Any CPU
		{DB90F671-D861-46BB-93A3-F1304F5BA1C5}.EmbeddingTest|Mixed Platforms.ActiveCfg = Release|Any CPU
		{DB90F671-D861-46BB-93A3-F1304F5BA1C5}.EmbeddingTest|Mixed Platforms.Build.0 = Release|Any CPU
		{DB90F671-D861-46BB-93A3-F1304F5BA1C5}.EmbeddingTest|Win32.ActiveCfg = Release|Any CPU
		{DB90F671-D861-46BB-93A3-F1304F5BA1C5}.EmbeddingTest|x64.ActiveCfg = Release|x64
		{DB90F671-D861-46BB-93A3-F1304F5BA1C5}.EmbeddingTest|x64.Build.0 = Release|x64
		{DB90F671-D861-46BB-93A3-F1304F5BA1C5}.EmbeddingTest|x86.ActiveCfg = Release|Any CPU
		{DB90F671-D861-46BB-93A3-F1304F5BA1C5}.Release|Any CPU.ActiveCfg = Release|Any CPU
		{DB90F671-D861-46BB-93A3-F1304F5BA1C5}.Release|Any CPU.Build.0 = Release|Any CPU
		{DB90F671-D861-46BB-93A3-F1304F5BA1C5}.Release|Mixed Platforms.ActiveCfg = Release|Any CPU
		{DB90F671-D861-46BB-93A3-F1304F5BA1C5}.Release|Mixed Platforms.Build.0 = Release|Any CPU
		{DB90F671-D861-46BB-93A3-F1304F5BA1C5}.Release|Win32.ActiveCfg = Release|Any CPU
		{DB90F671-D861-46BB-93A3-F1304F5BA1C5}.Release|x64.ActiveCfg = Release|Any CPU
		{DB90F671-D861-46BB-93A3-F1304F5BA1C5}.Release|x86.ActiveCfg = Release|Any CPU
		{DB90F671-D861-46BB-93A3-F1304F5BA1C5}.UnitTests|Any CPU.ActiveCfg = Release|Any CPU
		{DB90F671-D861-46BB-93A3-F1304F5BA1C5}.UnitTests|Any CPU.Build.0 = Release|Any CPU
		{DB90F671-D861-46BB-93A3-F1304F5BA1C5}.UnitTests|Mixed Platforms.ActiveCfg = Release|Any CPU
		{DB90F671-D861-46BB-93A3-F1304F5BA1C5}.UnitTests|Mixed Platforms.Build.0 = Release|Any CPU
		{DB90F671-D861-46BB-93A3-F1304F5BA1C5}.UnitTests|Win32.ActiveCfg = Release|Any CPU
		{DB90F671-D861-46BB-93A3-F1304F5BA1C5}.UnitTests|x64.ActiveCfg = Release|x64
		{DB90F671-D861-46BB-93A3-F1304F5BA1C5}.UnitTests|x64.Build.0 = Release|x64
		{DB90F671-D861-46BB-93A3-F1304F5BA1C5}.UnitTests|x86.ActiveCfg = Release|Any CPU
		{69CE0206-CB41-453D-88AF-DF86092EF9B8}.Debug|Any CPU.ActiveCfg = Debug|Any CPU
		{69CE0206-CB41-453D-88AF-DF86092EF9B8}.Debug|Any CPU.Build.0 = Debug|Any CPU
		{69CE0206-CB41-453D-88AF-DF86092EF9B8}.Debug|Mixed Platforms.ActiveCfg = Debug|Any CPU
		{69CE0206-CB41-453D-88AF-DF86092EF9B8}.Debug|Mixed Platforms.Build.0 = Debug|Any CPU
		{69CE0206-CB41-453D-88AF-DF86092EF9B8}.Debug|Win32.ActiveCfg = Debug|Any CPU
		{69CE0206-CB41-453D-88AF-DF86092EF9B8}.Debug|x64.ActiveCfg = Debug|Any CPU
		{69CE0206-CB41-453D-88AF-DF86092EF9B8}.Debug|x86.ActiveCfg = Debug|Any CPU
		{69CE0206-CB41-453D-88AF-DF86092EF9B8}.EmbeddingTest|Any CPU.ActiveCfg = Release|Any CPU
		{69CE0206-CB41-453D-88AF-DF86092EF9B8}.EmbeddingTest|Any CPU.Build.0 = Release|Any CPU
		{69CE0206-CB41-453D-88AF-DF86092EF9B8}.EmbeddingTest|Mixed Platforms.ActiveCfg = Release|Any CPU
		{69CE0206-CB41-453D-88AF-DF86092EF9B8}.EmbeddingTest|Mixed Platforms.Build.0 = Release|Any CPU
		{69CE0206-CB41-453D-88AF-DF86092EF9B8}.EmbeddingTest|Win32.ActiveCfg = Release|Any CPU
		{69CE0206-CB41-453D-88AF-DF86092EF9B8}.EmbeddingTest|x64.ActiveCfg = Release|Any CPU
		{69CE0206-CB41-453D-88AF-DF86092EF9B8}.EmbeddingTest|x86.ActiveCfg = Release|Any CPU
		{69CE0206-CB41-453D-88AF-DF86092EF9B8}.Release|Any CPU.ActiveCfg = Release|Any CPU
		{69CE0206-CB41-453D-88AF-DF86092EF9B8}.Release|Any CPU.Build.0 = Release|Any CPU
		{69CE0206-CB41-453D-88AF-DF86092EF9B8}.Release|Mixed Platforms.ActiveCfg = Release|Any CPU
		{69CE0206-CB41-453D-88AF-DF86092EF9B8}.Release|Mixed Platforms.Build.0 = Release|Any CPU
		{69CE0206-CB41-453D-88AF-DF86092EF9B8}.Release|Win32.ActiveCfg = Release|Any CPU
		{69CE0206-CB41-453D-88AF-DF86092EF9B8}.Release|x64.ActiveCfg = Release|Any CPU
		{69CE0206-CB41-453D-88AF-DF86092EF9B8}.Release|x86.ActiveCfg = Release|Any CPU
		{69CE0206-CB41-453D-88AF-DF86092EF9B8}.UnitTests|Any CPU.ActiveCfg = Release|Any CPU
		{69CE0206-CB41-453D-88AF-DF86092EF9B8}.UnitTests|Any CPU.Build.0 = Release|Any CPU
		{69CE0206-CB41-453D-88AF-DF86092EF9B8}.UnitTests|Mixed Platforms.ActiveCfg = Release|Any CPU
		{69CE0206-CB41-453D-88AF-DF86092EF9B8}.UnitTests|Mixed Platforms.Build.0 = Release|Any CPU
		{69CE0206-CB41-453D-88AF-DF86092EF9B8}.UnitTests|Win32.ActiveCfg = Release|Any CPU
		{69CE0206-CB41-453D-88AF-DF86092EF9B8}.UnitTests|x64.ActiveCfg = Release|Any CPU
		{69CE0206-CB41-453D-88AF-DF86092EF9B8}.UnitTests|x86.ActiveCfg = Release|Any CPU
		{353769D3-D11C-4D86-BD06-AC8C1D68642B}.Debug|Any CPU.ActiveCfg = Debug|Any CPU
		{353769D3-D11C-4D86-BD06-AC8C1D68642B}.Debug|Any CPU.Build.0 = Debug|Any CPU
		{353769D3-D11C-4D86-BD06-AC8C1D68642B}.Debug|Mixed Platforms.ActiveCfg = Debug|Any CPU
		{353769D3-D11C-4D86-BD06-AC8C1D68642B}.Debug|Mixed Platforms.Build.0 = Debug|Any CPU
		{353769D3-D11C-4D86-BD06-AC8C1D68642B}.Debug|Win32.ActiveCfg = Debug|Any CPU
		{353769D3-D11C-4D86-BD06-AC8C1D68642B}.Debug|x64.ActiveCfg = Debug|Any CPU
		{353769D3-D11C-4D86-BD06-AC8C1D68642B}.Debug|x86.ActiveCfg = Debug|Any CPU
		{353769D3-D11C-4D86-BD06-AC8C1D68642B}.EmbeddingTest|Any CPU.ActiveCfg = Release|Any CPU
		{353769D3-D11C-4D86-BD06-AC8C1D68642B}.EmbeddingTest|Any CPU.Build.0 = Release|Any CPU
		{353769D3-D11C-4D86-BD06-AC8C1D68642B}.EmbeddingTest|Mixed Platforms.ActiveCfg = Release|Any CPU
		{353769D3-D11C-4D86-BD06-AC8C1D68642B}.EmbeddingTest|Mixed Platforms.Build.0 = Release|Any CPU
		{353769D3-D11C-4D86-BD06-AC8C1D68642B}.EmbeddingTest|Win32.ActiveCfg = Release|Any CPU
		{353769D3-D11C-4D86-BD06-AC8C1D68642B}.EmbeddingTest|x64.ActiveCfg = Release|Any CPU
		{353769D3-D11C-4D86-BD06-AC8C1D68642B}.EmbeddingTest|x86.ActiveCfg = Release|Any CPU
		{353769D3-D11C-4D86-BD06-AC8C1D68642B}.Release|Any CPU.ActiveCfg = Release|Any CPU
		{353769D3-D11C-4D86-BD06-AC8C1D68642B}.Release|Any CPU.Build.0 = Release|Any CPU
		{353769D3-D11C-4D86-BD06-AC8C1D68642B}.Release|Mixed Platforms.ActiveCfg = Release|Any CPU
		{353769D3-D11C-4D86-BD06-AC8C1D68642B}.Release|Mixed Platforms.Build.0 = Release|Any CPU
		{353769D3-D11C-4D86-BD06-AC8C1D68642B}.Release|Win32.ActiveCfg = Release|Any CPU
		{353769D3-D11C-4D86-BD06-AC8C1D68642B}.Release|x64.ActiveCfg = Release|Any CPU
		{353769D3-D11C-4D86-BD06-AC8C1D68642B}.Release|x86.ActiveCfg = Release|Any CPU
		{353769D3-D11C-4D86-BD06-AC8C1D68642B}.UnitTests|Any CPU.ActiveCfg = Release|Any CPU
		{353769D3-D11C-4D86-BD06-AC8C1D68642B}.UnitTests|Any CPU.Build.0 = Release|Any CPU
		{353769D3-D11C-4D86-BD06-AC8C1D68642B}.UnitTests|Mixed Platforms.ActiveCfg = Release|Any CPU
		{353769D3-D11C-4D86-BD06-AC8C1D68642B}.UnitTests|Mixed Platforms.Build.0 = Release|Any CPU
		{353769D3-D11C-4D86-BD06-AC8C1D68642B}.UnitTests|Win32.ActiveCfg = Release|Any CPU
		{353769D3-D11C-4D86-BD06-AC8C1D68642B}.UnitTests|x64.ActiveCfg = Release|Any CPU
		{353769D3-D11C-4D86-BD06-AC8C1D68642B}.UnitTests|x86.ActiveCfg = Release|Any CPU
		{097B4AC0-74E9-4C58-BCF8-C69746EC8271}.Debug|Any CPU.ActiveCfg = Debug|Any CPU
		{097B4AC0-74E9-4C58-BCF8-C69746EC8271}.Debug|Any CPU.Build.0 = Debug|Any CPU
		{097B4AC0-74E9-4C58-BCF8-C69746EC8271}.Debug|Mixed Platforms.ActiveCfg = Debug|Any CPU
		{097B4AC0-74E9-4C58-BCF8-C69746EC8271}.Debug|Mixed Platforms.Build.0 = Debug|Any CPU
		{097B4AC0-74E9-4C58-BCF8-C69746EC8271}.Debug|Win32.ActiveCfg = Debug|Any CPU
		{097B4AC0-74E9-4C58-BCF8-C69746EC8271}.Debug|x64.ActiveCfg = Debug|x64
		{097B4AC0-74E9-4C58-BCF8-C69746EC8271}.Debug|x64.Build.0 = Debug|x64
		{097B4AC0-74E9-4C58-BCF8-C69746EC8271}.Debug|x86.ActiveCfg = Debug|Any CPU
		{097B4AC0-74E9-4C58-BCF8-C69746EC8271}.EmbeddingTest|Any CPU.ActiveCfg = EmbeddingTest|Any CPU
		{097B4AC0-74E9-4C58-BCF8-C69746EC8271}.EmbeddingTest|Any CPU.Build.0 = EmbeddingTest|Any CPU
		{097B4AC0-74E9-4C58-BCF8-C69746EC8271}.EmbeddingTest|Mixed Platforms.ActiveCfg = EmbeddingTest|Any CPU
		{097B4AC0-74E9-4C58-BCF8-C69746EC8271}.EmbeddingTest|Mixed Platforms.Build.0 = EmbeddingTest|Any CPU
		{097B4AC0-74E9-4C58-BCF8-C69746EC8271}.EmbeddingTest|Win32.ActiveCfg = EmbeddingTest|Any CPU
		{097B4AC0-74E9-4C58-BCF8-C69746EC8271}.EmbeddingTest|x64.ActiveCfg = EmbeddingTest|x64
		{097B4AC0-74E9-4C58-BCF8-C69746EC8271}.EmbeddingTest|x64.Build.0 = EmbeddingTest|x64
		{097B4AC0-74E9-4C58-BCF8-C69746EC8271}.EmbeddingTest|x86.ActiveCfg = EmbeddingTest|Any CPU
		{097B4AC0-74E9-4C58-BCF8-C69746EC8271}.Release|Any CPU.ActiveCfg = Release|Any CPU
		{097B4AC0-74E9-4C58-BCF8-C69746EC8271}.Release|Any CPU.Build.0 = Release|Any CPU
		{097B4AC0-74E9-4C58-BCF8-C69746EC8271}.Release|Mixed Platforms.ActiveCfg = Release|Any CPU
		{097B4AC0-74E9-4C58-BCF8-C69746EC8271}.Release|Mixed Platforms.Build.0 = Release|Any CPU
		{097B4AC0-74E9-4C58-BCF8-C69746EC8271}.Release|Win32.ActiveCfg = Release|Any CPU
		{097B4AC0-74E9-4C58-BCF8-C69746EC8271}.Release|x64.ActiveCfg = Release|x64
		{097B4AC0-74E9-4C58-BCF8-C69746EC8271}.Release|x64.Build.0 = Release|x64
		{097B4AC0-74E9-4C58-BCF8-C69746EC8271}.Release|x86.ActiveCfg = Release|Any CPU
		{097B4AC0-74E9-4C58-BCF8-C69746EC8271}.UnitTests|Any CPU.ActiveCfg = UnitTests|Any CPU
		{097B4AC0-74E9-4C58-BCF8-C69746EC8271}.UnitTests|Any CPU.Build.0 = UnitTests|Any CPU
		{097B4AC0-74E9-4C58-BCF8-C69746EC8271}.UnitTests|Mixed Platforms.ActiveCfg = UnitTests|Any CPU
		{097B4AC0-74E9-4C58-BCF8-C69746EC8271}.UnitTests|Mixed Platforms.Build.0 = UnitTests|Any CPU
		{097B4AC0-74E9-4C58-BCF8-C69746EC8271}.UnitTests|Win32.ActiveCfg = UnitTests|Any CPU
		{097B4AC0-74E9-4C58-BCF8-C69746EC8271}.UnitTests|x64.ActiveCfg = UnitTests|x64
		{097B4AC0-74E9-4C58-BCF8-C69746EC8271}.UnitTests|x64.Build.0 = UnitTests|x64
		{097B4AC0-74E9-4C58-BCF8-C69746EC8271}.UnitTests|x86.ActiveCfg = UnitTests|Any CPU
		{6B6696B1-A547-4FD4-85EF-E1FD0F54AD2C}.Debug|Any CPU.ActiveCfg = Debug|Any CPU
		{6B6696B1-A547-4FD4-85EF-E1FD0F54AD2C}.Debug|Any CPU.Build.0 = Debug|Any CPU
		{6B6696B1-A547-4FD4-85EF-E1FD0F54AD2C}.Debug|Mixed Platforms.ActiveCfg = Debug|Any CPU
		{6B6696B1-A547-4FD4-85EF-E1FD0F54AD2C}.Debug|Mixed Platforms.Build.0 = Debug|Any CPU
		{6B6696B1-A547-4FD4-85EF-E1FD0F54AD2C}.Debug|Win32.ActiveCfg = Debug|Any CPU
		{6B6696B1-A547-4FD4-85EF-E1FD0F54AD2C}.Debug|x64.ActiveCfg = Debug|Any CPU
		{6B6696B1-A547-4FD4-85EF-E1FD0F54AD2C}.Debug|x86.ActiveCfg = Debug|Any CPU
		{6B6696B1-A547-4FD4-85EF-E1FD0F54AD2C}.EmbeddingTest|Any CPU.ActiveCfg = Release|Any CPU
		{6B6696B1-A547-4FD4-85EF-E1FD0F54AD2C}.EmbeddingTest|Any CPU.Build.0 = Release|Any CPU
		{6B6696B1-A547-4FD4-85EF-E1FD0F54AD2C}.EmbeddingTest|Mixed Platforms.ActiveCfg = Release|Any CPU
		{6B6696B1-A547-4FD4-85EF-E1FD0F54AD2C}.EmbeddingTest|Mixed Platforms.Build.0 = Release|Any CPU
		{6B6696B1-A547-4FD4-85EF-E1FD0F54AD2C}.EmbeddingTest|Win32.ActiveCfg = Release|Any CPU
		{6B6696B1-A547-4FD4-85EF-E1FD0F54AD2C}.EmbeddingTest|x64.ActiveCfg = Release|Any CPU
		{6B6696B1-A547-4FD4-85EF-E1FD0F54AD2C}.EmbeddingTest|x86.ActiveCfg = Release|Any CPU
		{6B6696B1-A547-4FD4-85EF-E1FD0F54AD2C}.Release|Any CPU.ActiveCfg = Release|Any CPU
		{6B6696B1-A547-4FD4-85EF-E1FD0F54AD2C}.Release|Any CPU.Build.0 = Release|Any CPU
		{6B6696B1-A547-4FD4-85EF-E1FD0F54AD2C}.Release|Mixed Platforms.ActiveCfg = Release|Any CPU
		{6B6696B1-A547-4FD4-85EF-E1FD0F54AD2C}.Release|Mixed Platforms.Build.0 = Release|Any CPU
		{6B6696B1-A547-4FD4-85EF-E1FD0F54AD2C}.Release|Win32.ActiveCfg = Release|Any CPU
		{6B6696B1-A547-4FD4-85EF-E1FD0F54AD2C}.Release|x64.ActiveCfg = Release|Any CPU
		{6B6696B1-A547-4FD4-85EF-E1FD0F54AD2C}.Release|x86.ActiveCfg = Release|Any CPU
		{6B6696B1-A547-4FD4-85EF-E1FD0F54AD2C}.UnitTests|Any CPU.ActiveCfg = Release|Any CPU
		{6B6696B1-A547-4FD4-85EF-E1FD0F54AD2C}.UnitTests|Any CPU.Build.0 = Release|Any CPU
		{6B6696B1-A547-4FD4-85EF-E1FD0F54AD2C}.UnitTests|Mixed Platforms.ActiveCfg = Release|Any CPU
		{6B6696B1-A547-4FD4-85EF-E1FD0F54AD2C}.UnitTests|Mixed Platforms.Build.0 = Release|Any CPU
		{6B6696B1-A547-4FD4-85EF-E1FD0F54AD2C}.UnitTests|Win32.ActiveCfg = Release|Any CPU
		{6B6696B1-A547-4FD4-85EF-E1FD0F54AD2C}.UnitTests|x64.ActiveCfg = Release|Any CPU
		{6B6696B1-A547-4FD4-85EF-E1FD0F54AD2C}.UnitTests|x86.ActiveCfg = Release|Any CPU
		{4FD29318-A8AB-4D8F-AA47-60BC241B8DA3}.Debug|Any CPU.ActiveCfg = Debug|Any CPU
		{4FD29318-A8AB-4D8F-AA47-60BC241B8DA3}.Debug|Any CPU.Build.0 = Debug|Any CPU
		{4FD29318-A8AB-4D8F-AA47-60BC241B8DA3}.Debug|Mixed Platforms.ActiveCfg = Debug|Any CPU
		{4FD29318-A8AB-4D8F-AA47-60BC241B8DA3}.Debug|Mixed Platforms.Build.0 = Debug|Any CPU
		{4FD29318-A8AB-4D8F-AA47-60BC241B8DA3}.Debug|Win32.ActiveCfg = Debug|Any CPU
		{4FD29318-A8AB-4D8F-AA47-60BC241B8DA3}.Debug|x64.ActiveCfg = Debug|Any CPU
		{4FD29318-A8AB-4D8F-AA47-60BC241B8DA3}.Debug|x86.ActiveCfg = Debug|Any CPU
		{4FD29318-A8AB-4D8F-AA47-60BC241B8DA3}.EmbeddingTest|Any CPU.ActiveCfg = Release|Any CPU
		{4FD29318-A8AB-4D8F-AA47-60BC241B8DA3}.EmbeddingTest|Any CPU.Build.0 = Release|Any CPU
		{4FD29318-A8AB-4D8F-AA47-60BC241B8DA3}.EmbeddingTest|Mixed Platforms.ActiveCfg = Release|Any CPU
		{4FD29318-A8AB-4D8F-AA47-60BC241B8DA3}.EmbeddingTest|Mixed Platforms.Build.0 = Release|Any CPU
		{4FD29318-A8AB-4D8F-AA47-60BC241B8DA3}.EmbeddingTest|Win32.ActiveCfg = Release|Any CPU
		{4FD29318-A8AB-4D8F-AA47-60BC241B8DA3}.EmbeddingTest|x64.ActiveCfg = Release|Any CPU
		{4FD29318-A8AB-4D8F-AA47-60BC241B8DA3}.EmbeddingTest|x86.ActiveCfg = Release|Any CPU
		{4FD29318-A8AB-4D8F-AA47-60BC241B8DA3}.Release|Any CPU.ActiveCfg = Release|Any CPU
		{4FD29318-A8AB-4D8F-AA47-60BC241B8DA3}.Release|Any CPU.Build.0 = Release|Any CPU
		{4FD29318-A8AB-4D8F-AA47-60BC241B8DA3}.Release|Mixed Platforms.ActiveCfg = Release|Any CPU
		{4FD29318-A8AB-4D8F-AA47-60BC241B8DA3}.Release|Mixed Platforms.Build.0 = Release|Any CPU
		{4FD29318-A8AB-4D8F-AA47-60BC241B8DA3}.Release|Win32.ActiveCfg = Release|Any CPU
		{4FD29318-A8AB-4D8F-AA47-60BC241B8DA3}.Release|x64.ActiveCfg = Release|Any CPU
		{4FD29318-A8AB-4D8F-AA47-60BC241B8DA3}.Release|x86.ActiveCfg = Release|Any CPU
		{4FD29318-A8AB-4D8F-AA47-60BC241B8DA3}.UnitTests|Any CPU.ActiveCfg = Release|Any CPU
		{4FD29318-A8AB-4D8F-AA47-60BC241B8DA3}.UnitTests|Any CPU.Build.0 = Release|Any CPU
		{4FD29318-A8AB-4D8F-AA47-60BC241B8DA3}.UnitTests|Mixed Platforms.ActiveCfg = Release|Any CPU
		{4FD29318-A8AB-4D8F-AA47-60BC241B8DA3}.UnitTests|Mixed Platforms.Build.0 = Release|Any CPU
		{4FD29318-A8AB-4D8F-AA47-60BC241B8DA3}.UnitTests|Win32.ActiveCfg = Release|Any CPU
		{4FD29318-A8AB-4D8F-AA47-60BC241B8DA3}.UnitTests|x64.ActiveCfg = Release|Any CPU
		{4FD29318-A8AB-4D8F-AA47-60BC241B8DA3}.UnitTests|x86.ActiveCfg = Release|Any CPU
		{230AE83F-E92E-4E69-8355-426B305DA9C0}.Debug|Any CPU.ActiveCfg = Debug|Any CPU
		{230AE83F-E92E-4E69-8355-426B305DA9C0}.Debug|Any CPU.Build.0 = Debug|Any CPU
		{230AE83F-E92E-4E69-8355-426B305DA9C0}.Debug|Mixed Platforms.ActiveCfg = Debug|Any CPU
		{230AE83F-E92E-4E69-8355-426B305DA9C0}.Debug|Mixed Platforms.Build.0 = Debug|Any CPU
		{230AE83F-E92E-4E69-8355-426B305DA9C0}.Debug|Win32.ActiveCfg = Debug|Any CPU
		{230AE83F-E92E-4E69-8355-426B305DA9C0}.Debug|x64.ActiveCfg = Debug|x64
		{230AE83F-E92E-4E69-8355-426B305DA9C0}.Debug|x64.Build.0 = Debug|x64
		{230AE83F-E92E-4E69-8355-426B305DA9C0}.Debug|x86.ActiveCfg = Debug|Any CPU
		{230AE83F-E92E-4E69-8355-426B305DA9C0}.EmbeddingTest|Any CPU.ActiveCfg = Release|Any CPU
		{230AE83F-E92E-4E69-8355-426B305DA9C0}.EmbeddingTest|Any CPU.Build.0 = Release|Any CPU
		{230AE83F-E92E-4E69-8355-426B305DA9C0}.EmbeddingTest|Mixed Platforms.ActiveCfg = Release|Any CPU
		{230AE83F-E92E-4E69-8355-426B305DA9C0}.EmbeddingTest|Mixed Platforms.Build.0 = Release|Any CPU
		{230AE83F-E92E-4E69-8355-426B305DA9C0}.EmbeddingTest|Win32.ActiveCfg = Release|Any CPU
		{230AE83F-E92E-4E69-8355-426B305DA9C0}.EmbeddingTest|x64.ActiveCfg = Release|x64
		{230AE83F-E92E-4E69-8355-426B305DA9C0}.EmbeddingTest|x64.Build.0 = Release|x64
		{230AE83F-E92E-4E69-8355-426B305DA9C0}.EmbeddingTest|x86.ActiveCfg = Release|Any CPU
		{230AE83F-E92E-4E69-8355-426B305DA9C0}.Release|Any CPU.ActiveCfg = Release|Any CPU
		{230AE83F-E92E-4E69-8355-426B305DA9C0}.Release|Any CPU.Build.0 = Release|Any CPU
		{230AE83F-E92E-4E69-8355-426B305DA9C0}.Release|Mixed Platforms.ActiveCfg = Release|Any CPU
		{230AE83F-E92E-4E69-8355-426B305DA9C0}.Release|Mixed Platforms.Build.0 = Release|Any CPU
		{230AE83F-E92E-4E69-8355-426B305DA9C0}.Release|Win32.ActiveCfg = Release|Any CPU
		{230AE83F-E92E-4E69-8355-426B305DA9C0}.Release|x64.ActiveCfg = Release|x64
		{230AE83F-E92E-4E69-8355-426B305DA9C0}.Release|x64.Build.0 = Release|x64
		{230AE83F-E92E-4E69-8355-426B305DA9C0}.Release|x86.ActiveCfg = Release|Any CPU
		{230AE83F-E92E-4E69-8355-426B305DA9C0}.UnitTests|Any CPU.ActiveCfg = Release|Any CPU
		{230AE83F-E92E-4E69-8355-426B305DA9C0}.UnitTests|Any CPU.Build.0 = Release|Any CPU
		{230AE83F-E92E-4E69-8355-426B305DA9C0}.UnitTests|Mixed Platforms.ActiveCfg = Release|Any CPU
		{230AE83F-E92E-4E69-8355-426B305DA9C0}.UnitTests|Mixed Platforms.Build.0 = Release|Any CPU
		{230AE83F-E92E-4E69-8355-426B305DA9C0}.UnitTests|Win32.ActiveCfg = Release|Any CPU
		{230AE83F-E92E-4E69-8355-426B305DA9C0}.UnitTests|x64.ActiveCfg = Release|x64
		{230AE83F-E92E-4E69-8355-426B305DA9C0}.UnitTests|x64.Build.0 = Release|x64
		{230AE83F-E92E-4E69-8355-426B305DA9C0}.UnitTests|x86.ActiveCfg = Release|Any CPU
		{C9BC17A0-C2BC-4185-AC1F-32E3352C1233}.Debug|Any CPU.ActiveCfg = Debug|Any CPU
		{C9BC17A0-C2BC-4185-AC1F-32E3352C1233}.Debug|Any CPU.Build.0 = Debug|Any CPU
		{C9BC17A0-C2BC-4185-AC1F-32E3352C1233}.Debug|Mixed Platforms.ActiveCfg = Debug|Any CPU
		{C9BC17A0-C2BC-4185-AC1F-32E3352C1233}.Debug|Mixed Platforms.Build.0 = Debug|Any CPU
		{C9BC17A0-C2BC-4185-AC1F-32E3352C1233}.Debug|Win32.ActiveCfg = Debug|Any CPU
		{C9BC17A0-C2BC-4185-AC1F-32E3352C1233}.Debug|x64.ActiveCfg = Debug|Any CPU
		{C9BC17A0-C2BC-4185-AC1F-32E3352C1233}.Debug|x86.ActiveCfg = Debug|Any CPU
		{C9BC17A0-C2BC-4185-AC1F-32E3352C1233}.EmbeddingTest|Any CPU.ActiveCfg = Release|Any CPU
		{C9BC17A0-C2BC-4185-AC1F-32E3352C1233}.EmbeddingTest|Any CPU.Build.0 = Release|Any CPU
		{C9BC17A0-C2BC-4185-AC1F-32E3352C1233}.EmbeddingTest|Mixed Platforms.ActiveCfg = Release|Any CPU
		{C9BC17A0-C2BC-4185-AC1F-32E3352C1233}.EmbeddingTest|Mixed Platforms.Build.0 = Release|Any CPU
		{C9BC17A0-C2BC-4185-AC1F-32E3352C1233}.EmbeddingTest|Win32.ActiveCfg = Release|Any CPU
		{C9BC17A0-C2BC-4185-AC1F-32E3352C1233}.EmbeddingTest|x64.ActiveCfg = Release|Any CPU
		{C9BC17A0-C2BC-4185-AC1F-32E3352C1233}.EmbeddingTest|x86.ActiveCfg = Release|Any CPU
		{C9BC17A0-C2BC-4185-AC1F-32E3352C1233}.Release|Any CPU.ActiveCfg = Release|Any CPU
		{C9BC17A0-C2BC-4185-AC1F-32E3352C1233}.Release|Any CPU.Build.0 = Release|Any CPU
		{C9BC17A0-C2BC-4185-AC1F-32E3352C1233}.Release|Mixed Platforms.ActiveCfg = Release|Any CPU
		{C9BC17A0-C2BC-4185-AC1F-32E3352C1233}.Release|Mixed Platforms.Build.0 = Release|Any CPU
		{C9BC17A0-C2BC-4185-AC1F-32E3352C1233}.Release|Win32.ActiveCfg = Release|Any CPU
		{C9BC17A0-C2BC-4185-AC1F-32E3352C1233}.Release|x64.ActiveCfg = Release|Any CPU
		{C9BC17A0-C2BC-4185-AC1F-32E3352C1233}.Release|x86.ActiveCfg = Release|Any CPU
		{C9BC17A0-C2BC-4185-AC1F-32E3352C1233}.UnitTests|Any CPU.ActiveCfg = Release|Any CPU
		{C9BC17A0-C2BC-4185-AC1F-32E3352C1233}.UnitTests|Any CPU.Build.0 = Release|Any CPU
		{C9BC17A0-C2BC-4185-AC1F-32E3352C1233}.UnitTests|Mixed Platforms.ActiveCfg = Release|Any CPU
		{C9BC17A0-C2BC-4185-AC1F-32E3352C1233}.UnitTests|Mixed Platforms.Build.0 = Release|Any CPU
		{C9BC17A0-C2BC-4185-AC1F-32E3352C1233}.UnitTests|Win32.ActiveCfg = Release|Any CPU
		{C9BC17A0-C2BC-4185-AC1F-32E3352C1233}.UnitTests|x64.ActiveCfg = Release|Any CPU
		{C9BC17A0-C2BC-4185-AC1F-32E3352C1233}.UnitTests|x86.ActiveCfg = Release|Any CPU
		{8C14DC11-2737-4DCB-A121-5D7BDD57FEA2}.Debug|Any CPU.ActiveCfg = Debug|Any CPU
		{8C14DC11-2737-4DCB-A121-5D7BDD57FEA2}.Debug|Any CPU.Build.0 = Debug|Any CPU
		{8C14DC11-2737-4DCB-A121-5D7BDD57FEA2}.Debug|Mixed Platforms.ActiveCfg = Debug|Any CPU
		{8C14DC11-2737-4DCB-A121-5D7BDD57FEA2}.Debug|Mixed Platforms.Build.0 = Debug|Any CPU
		{8C14DC11-2737-4DCB-A121-5D7BDD57FEA2}.Debug|Win32.ActiveCfg = Debug|Any CPU
		{8C14DC11-2737-4DCB-A121-5D7BDD57FEA2}.Debug|x64.ActiveCfg = Debug|Any CPU
		{8C14DC11-2737-4DCB-A121-5D7BDD57FEA2}.Debug|x86.ActiveCfg = Debug|Any CPU
		{8C14DC11-2737-4DCB-A121-5D7BDD57FEA2}.EmbeddingTest|Any CPU.ActiveCfg = Release|Any CPU
		{8C14DC11-2737-4DCB-A121-5D7BDD57FEA2}.EmbeddingTest|Any CPU.Build.0 = Release|Any CPU
		{8C14DC11-2737-4DCB-A121-5D7BDD57FEA2}.EmbeddingTest|Mixed Platforms.ActiveCfg = Release|Any CPU
		{8C14DC11-2737-4DCB-A121-5D7BDD57FEA2}.EmbeddingTest|Mixed Platforms.Build.0 = Release|Any CPU
		{8C14DC11-2737-4DCB-A121-5D7BDD57FEA2}.EmbeddingTest|Win32.ActiveCfg = Release|Any CPU
		{8C14DC11-2737-4DCB-A121-5D7BDD57FEA2}.EmbeddingTest|x64.ActiveCfg = Release|Any CPU
		{8C14DC11-2737-4DCB-A121-5D7BDD57FEA2}.EmbeddingTest|x86.ActiveCfg = Release|Any CPU
		{8C14DC11-2737-4DCB-A121-5D7BDD57FEA2}.Release|Any CPU.ActiveCfg = Release|Any CPU
		{8C14DC11-2737-4DCB-A121-5D7BDD57FEA2}.Release|Any CPU.Build.0 = Release|Any CPU
		{8C14DC11-2737-4DCB-A121-5D7BDD57FEA2}.Release|Mixed Platforms.ActiveCfg = Release|Any CPU
		{8C14DC11-2737-4DCB-A121-5D7BDD57FEA2}.Release|Mixed Platforms.Build.0 = Release|Any CPU
		{8C14DC11-2737-4DCB-A121-5D7BDD57FEA2}.Release|Win32.ActiveCfg = Release|Any CPU
		{8C14DC11-2737-4DCB-A121-5D7BDD57FEA2}.Release|x64.ActiveCfg = Release|Any CPU
		{8C14DC11-2737-4DCB-A121-5D7BDD57FEA2}.Release|x86.ActiveCfg = Release|Any CPU
		{8C14DC11-2737-4DCB-A121-5D7BDD57FEA2}.UnitTests|Any CPU.ActiveCfg = Release|Any CPU
		{8C14DC11-2737-4DCB-A121-5D7BDD57FEA2}.UnitTests|Any CPU.Build.0 = Release|Any CPU
		{8C14DC11-2737-4DCB-A121-5D7BDD57FEA2}.UnitTests|Mixed Platforms.ActiveCfg = Release|Any CPU
		{8C14DC11-2737-4DCB-A121-5D7BDD57FEA2}.UnitTests|Mixed Platforms.Build.0 = Release|Any CPU
		{8C14DC11-2737-4DCB-A121-5D7BDD57FEA2}.UnitTests|Win32.ActiveCfg = Release|Any CPU
		{8C14DC11-2737-4DCB-A121-5D7BDD57FEA2}.UnitTests|x64.ActiveCfg = Release|Any CPU
		{8C14DC11-2737-4DCB-A121-5D7BDD57FEA2}.UnitTests|x86.ActiveCfg = Release|Any CPU
		{049490F0-ECD2-4148-9B39-2135EC346EBE}.Debug|Any CPU.ActiveCfg = Debug|Any CPU
		{049490F0-ECD2-4148-9B39-2135EC346EBE}.Debug|Any CPU.Build.0 = Debug|Any CPU
		{049490F0-ECD2-4148-9B39-2135EC346EBE}.Debug|Mixed Platforms.ActiveCfg = Debug|Any CPU
		{049490F0-ECD2-4148-9B39-2135EC346EBE}.Debug|Mixed Platforms.Build.0 = Debug|Any CPU
		{049490F0-ECD2-4148-9B39-2135EC346EBE}.Debug|Win32.ActiveCfg = Debug|Any CPU
		{049490F0-ECD2-4148-9B39-2135EC346EBE}.Debug|x64.ActiveCfg = Debug|Any CPU
		{049490F0-ECD2-4148-9B39-2135EC346EBE}.Debug|x86.ActiveCfg = Debug|Any CPU
		{049490F0-ECD2-4148-9B39-2135EC346EBE}.EmbeddingTest|Any CPU.ActiveCfg = Release|Any CPU
		{049490F0-ECD2-4148-9B39-2135EC346EBE}.EmbeddingTest|Any CPU.Build.0 = Release|Any CPU
		{049490F0-ECD2-4148-9B39-2135EC346EBE}.EmbeddingTest|Mixed Platforms.ActiveCfg = Release|Any CPU
		{049490F0-ECD2-4148-9B39-2135EC346EBE}.EmbeddingTest|Mixed Platforms.Build.0 = Release|Any CPU
		{049490F0-ECD2-4148-9B39-2135EC346EBE}.EmbeddingTest|Win32.ActiveCfg = Release|Any CPU
		{049490F0-ECD2-4148-9B39-2135EC346EBE}.EmbeddingTest|x64.ActiveCfg = Release|Any CPU
		{049490F0-ECD2-4148-9B39-2135EC346EBE}.EmbeddingTest|x86.ActiveCfg = Release|Any CPU
		{049490F0-ECD2-4148-9B39-2135EC346EBE}.Release|Any CPU.ActiveCfg = Release|Any CPU
		{049490F0-ECD2-4148-9B39-2135EC346EBE}.Release|Any CPU.Build.0 = Release|Any CPU
		{049490F0-ECD2-4148-9B39-2135EC346EBE}.Release|Mixed Platforms.ActiveCfg = Release|Any CPU
		{049490F0-ECD2-4148-9B39-2135EC346EBE}.Release|Mixed Platforms.Build.0 = Release|Any CPU
		{049490F0-ECD2-4148-9B39-2135EC346EBE}.Release|Win32.ActiveCfg = Release|Any CPU
		{049490F0-ECD2-4148-9B39-2135EC346EBE}.Release|x64.ActiveCfg = Release|Any CPU
		{049490F0-ECD2-4148-9B39-2135EC346EBE}.Release|x86.ActiveCfg = Release|Any CPU
		{049490F0-ECD2-4148-9B39-2135EC346EBE}.UnitTests|Any CPU.ActiveCfg = Release|Any CPU
		{049490F0-ECD2-4148-9B39-2135EC346EBE}.UnitTests|Any CPU.Build.0 = Release|Any CPU
		{049490F0-ECD2-4148-9B39-2135EC346EBE}.UnitTests|Mixed Platforms.ActiveCfg = Release|Any CPU
		{049490F0-ECD2-4148-9B39-2135EC346EBE}.UnitTests|Mixed Platforms.Build.0 = Release|Any CPU
		{049490F0-ECD2-4148-9B39-2135EC346EBE}.UnitTests|Win32.ActiveCfg = Release|Any CPU
		{049490F0-ECD2-4148-9B39-2135EC346EBE}.UnitTests|x64.ActiveCfg = Release|Any CPU
		{049490F0-ECD2-4148-9B39-2135EC346EBE}.UnitTests|x86.ActiveCfg = Release|Any CPU
		{AE02E18E-2134-472B-9282-32CDE36B5F0C}.Debug|Any CPU.ActiveCfg = Debug|Any CPU
		{AE02E18E-2134-472B-9282-32CDE36B5F0C}.Debug|Any CPU.Build.0 = Debug|Any CPU
		{AE02E18E-2134-472B-9282-32CDE36B5F0C}.Debug|Mixed Platforms.ActiveCfg = Debug|Any CPU
		{AE02E18E-2134-472B-9282-32CDE36B5F0C}.Debug|Mixed Platforms.Build.0 = Debug|Any CPU
		{AE02E18E-2134-472B-9282-32CDE36B5F0C}.Debug|Win32.ActiveCfg = Debug|Any CPU
		{AE02E18E-2134-472B-9282-32CDE36B5F0C}.Debug|x64.ActiveCfg = Debug|Any CPU
		{AE02E18E-2134-472B-9282-32CDE36B5F0C}.Debug|x86.ActiveCfg = Debug|Any CPU
		{AE02E18E-2134-472B-9282-32CDE36B5F0C}.EmbeddingTest|Any CPU.ActiveCfg = Release|Any CPU
		{AE02E18E-2134-472B-9282-32CDE36B5F0C}.EmbeddingTest|Any CPU.Build.0 = Release|Any CPU
		{AE02E18E-2134-472B-9282-32CDE36B5F0C}.EmbeddingTest|Mixed Platforms.ActiveCfg = Release|Any CPU
		{AE02E18E-2134-472B-9282-32CDE36B5F0C}.EmbeddingTest|Mixed Platforms.Build.0 = Release|Any CPU
		{AE02E18E-2134-472B-9282-32CDE36B5F0C}.EmbeddingTest|Win32.ActiveCfg = Release|Any CPU
		{AE02E18E-2134-472B-9282-32CDE36B5F0C}.EmbeddingTest|x64.ActiveCfg = Release|Any CPU
		{AE02E18E-2134-472B-9282-32CDE36B5F0C}.EmbeddingTest|x86.ActiveCfg = Release|Any CPU
		{AE02E18E-2134-472B-9282-32CDE36B5F0C}.Release|Any CPU.ActiveCfg = Release|Any CPU
		{AE02E18E-2134-472B-9282-32CDE36B5F0C}.Release|Any CPU.Build.0 = Release|Any CPU
		{AE02E18E-2134-472B-9282-32CDE36B5F0C}.Release|Mixed Platforms.ActiveCfg = Release|Any CPU
		{AE02E18E-2134-472B-9282-32CDE36B5F0C}.Release|Mixed Platforms.Build.0 = Release|Any CPU
		{AE02E18E-2134-472B-9282-32CDE36B5F0C}.Release|Win32.ActiveCfg = Release|Any CPU
		{AE02E18E-2134-472B-9282-32CDE36B5F0C}.Release|x64.ActiveCfg = Release|Any CPU
		{AE02E18E-2134-472B-9282-32CDE36B5F0C}.Release|x86.ActiveCfg = Release|Any CPU
		{AE02E18E-2134-472B-9282-32CDE36B5F0C}.UnitTests|Any CPU.ActiveCfg = Release|Any CPU
		{AE02E18E-2134-472B-9282-32CDE36B5F0C}.UnitTests|Any CPU.Build.0 = Release|Any CPU
		{AE02E18E-2134-472B-9282-32CDE36B5F0C}.UnitTests|Mixed Platforms.ActiveCfg = Release|Any CPU
		{AE02E18E-2134-472B-9282-32CDE36B5F0C}.UnitTests|Mixed Platforms.Build.0 = Release|Any CPU
		{AE02E18E-2134-472B-9282-32CDE36B5F0C}.UnitTests|Win32.ActiveCfg = Release|Any CPU
		{AE02E18E-2134-472B-9282-32CDE36B5F0C}.UnitTests|x64.ActiveCfg = Release|Any CPU
		{AE02E18E-2134-472B-9282-32CDE36B5F0C}.UnitTests|x86.ActiveCfg = Release|Any CPU
	EndGlobalSection
	GlobalSection(SolutionProperties) = preSolution
		HideSolutionNode = FALSE
	EndGlobalSection
	GlobalSection(NestedProjects) = preSolution
		{353769D3-D11C-4D86-BD06-AC8C1D68642B} = {3A73F5A7-0335-40D8-BF7C-F20BE5D0BA87}
		{6B6696B1-A547-4FD4-85EF-E1FD0F54AD2C} = {3A73F5A7-0335-40D8-BF7C-F20BE5D0BA87}
		{230AE83F-E92E-4E69-8355-426B305DA9C0} = {3A73F5A7-0335-40D8-BF7C-F20BE5D0BA87}
		{8C14DC11-2737-4DCB-A121-5D7BDD57FEA2} = {3A73F5A7-0335-40D8-BF7C-F20BE5D0BA87}
		{049490F0-ECD2-4148-9B39-2135EC346EBE} = {3A73F5A7-0335-40D8-BF7C-F20BE5D0BA87}
		{AE02E18E-2134-472B-9282-32CDE36B5F0C} = {3A73F5A7-0335-40D8-BF7C-F20BE5D0BA87}
	EndGlobalSection
EndGlobal
