
Microsoft Visual Studio Solution File, Format Version 12.00
# Visual Studio Version 16
VisualStudioVersion = 16.0.30621.155
MinimumVisualStudioVersion = 10.0.40219.1
Project("{FAE04EC0-301F-11D3-BF4B-00C04F79EFBC}") = "FancyZonesEditor_DPI_netcore_test", "FancyZonesEditor_DPI_netcore_test.csproj", "{1764AC88-EE10-4613-AB77-F213EF8043D6}"
EndProject
Global
	GlobalSection(SolutionConfigurationPlatforms) = preSolution
		Debug|Any CPU = Debug|Any CPU
		Release|Any CPU = Release|Any CPU
	EndGlobalSection
	GlobalSection(ProjectConfigurationPlatforms) = postSolution
		{1764AC88-EE10-4613-AB77-F213EF8043D6}.Debug|Any CPU.ActiveCfg = Debug|Any CPU
		{1764AC88-EE10-4613-AB77-F213EF8043D6}.Debug|Any CPU.Build.0 = Debug|Any CPU
		{1764AC88-EE10-4613-AB77-F213EF8043D6}.Release|Any CPU.ActiveCfg = Release|Any CPU
		{1764AC88-EE10-4613-AB77-F213EF8043D6}.Release|Any CPU.Build.0 = Release|Any CPU
	EndGlobalSection
	GlobalSection(SolutionProperties) = preSolution
		HideSolutionNode = FALSE
	EndGlobalSection
	GlobalSection(ExtensibilityGlobals) = postSolution
		SolutionGuid = {F95C5E3B-3EC1-42AC-A24C-6A9350B72807}
	EndGlobalSection
EndGlobal
