
Microsoft Visual Studio Solution File, Format Version 12.00
# Visual Studio 2013
VisualStudioVersion = 12.0.21005.1
MinimumVisualStudioVersion = 10.0.40219.1
Project("{FAE04EC0-301F-11D3-BF4B-00C04F79EFBC}") = "Wox.Plugin.Everything", "Wox.Plugin.Everything.csproj", "{230AE83F-E92E-4E69-8355-426B305DA9C0}"
EndProject
Project("{2150E333-8FDC-42A3-9474-1A3956D46DE8}") = ".nuget", ".nuget", "{9BEA8C30-8CC3-48FE-87FD-8D7E65898C1A}"
	ProjectSection(SolutionItems) = preProject
		.nuget\NuGet.Config = .nuget\NuGet.Config
		.nuget\NuGet.exe = .nuget\NuGet.exe
		.nuget\NuGet.targets = .nuget\NuGet.targets
	EndProjectSection
EndProject
Global
	GlobalSection(SolutionConfigurationPlatforms) = preSolution
		Debug|Any CPU = Debug|Any CPU
		Release|Any CPU = Release|Any CPU
	EndGlobalSection
	GlobalSection(ProjectConfigurationPlatforms) = postSolution
		{230AE83F-E92E-4E69-8355-426B305DA9C0}.Debug|Any CPU.ActiveCfg = Debug|Any CPU
		{230AE83F-E92E-4E69-8355-426B305DA9C0}.Debug|Any CPU.Build.0 = Debug|Any CPU
		{230AE83F-E92E-4E69-8355-426B305DA9C0}.Release|Any CPU.ActiveCfg = Release|Any CPU
		{230AE83F-E92E-4E69-8355-426B305DA9C0}.Release|Any CPU.Build.0 = Release|Any CPU
	EndGlobalSection
	GlobalSection(SolutionProperties) = preSolution
		HideSolutionNode = FALSE
	EndGlobalSection
EndGlobal
