Microsoft Visual Studio Solution File, Format Version 12.00
# Visual Studio Version 17
VisualStudioVersion = 17.0.31903.59
MinimumVisualStudioVersion = 10.0.40219.1
Project("{8BC9CEB8-8B4A-11D0-8D11-00A0C91BC942}") = "PtLsmrCommon", "Common\PtLsmrCommon.vcxproj", "{51EAD4A2-BB68-420C-8CFD-11891A654810}"
EndProject
Project("{8BC9CEB8-8B4A-11D0-8D11-00A0C91BC942}") = "PtLsmrRuntime", "Runtime\PtLsmrRuntime.vcxproj", "{AE1D2494-54EE-4C18-8114-0F262A2445EF}"
EndProject
Project("{8BC9CEB8-8B4A-11D0-8D11-00A0C91BC942}") = "PtLsmrUpdater", "Updater\PtLsmrUpdater.vcxproj", "{4B473F5C-BDFC-462E-8A05-7EE2D8CCEB4F}"
EndProject
Project("{8BC9CEB8-8B4A-11D0-8D11-00A0C91BC942}") = "PtLsmrController", "Controller\PtLsmrController.vcxproj", "{46F1D6E7-96C4-4EF6-903E-480A6D1A9EF3}"
EndProject
Project("{8BC9CEB8-8B4A-11D0-8D11-00A0C91BC942}") = "PtPuvrDeploymentHelper", "DeploymentHelper\PtPuvrDeploymentHelper.vcxproj", "{56C49192-E298-49CF-B6F1-C25A9D81A30E}"
EndProject
Global
	GlobalSection(SolutionConfigurationPlatforms) = preSolution
		Debug|x64 = Debug|x64
		Release|x64 = Release|x64
	EndGlobalSection
	GlobalSection(ProjectConfigurationPlatforms) = postSolution
		{51EAD4A2-BB68-420C-8CFD-11891A654810}.Debug|x64.ActiveCfg = Debug|x64
		{51EAD4A2-BB68-420C-8CFD-11891A654810}.Debug|x64.Build.0 = Debug|x64
		{51EAD4A2-BB68-420C-8CFD-11891A654810}.Release|x64.ActiveCfg = Release|x64
		{51EAD4A2-BB68-420C-8CFD-11891A654810}.Release|x64.Build.0 = Release|x64
		{AE1D2494-54EE-4C18-8114-0F262A2445EF}.Debug|x64.ActiveCfg = Debug|x64
		{AE1D2494-54EE-4C18-8114-0F262A2445EF}.Debug|x64.Build.0 = Debug|x64
		{AE1D2494-54EE-4C18-8114-0F262A2445EF}.Release|x64.ActiveCfg = Release|x64
		{AE1D2494-54EE-4C18-8114-0F262A2445EF}.Release|x64.Build.0 = Release|x64
		{4B473F5C-BDFC-462E-8A05-7EE2D8CCEB4F}.Debug|x64.ActiveCfg = Debug|x64
		{4B473F5C-BDFC-462E-8A05-7EE2D8CCEB4F}.Debug|x64.Build.0 = Debug|x64
		{4B473F5C-BDFC-462E-8A05-7EE2D8CCEB4F}.Release|x64.ActiveCfg = Release|x64
		{4B473F5C-BDFC-462E-8A05-7EE2D8CCEB4F}.Release|x64.Build.0 = Release|x64
		{46F1D6E7-96C4-4EF6-903E-480A6D1A9EF3}.Debug|x64.ActiveCfg = Debug|x64
		{46F1D6E7-96C4-4EF6-903E-480A6D1A9EF3}.Debug|x64.Build.0 = Debug|x64
		{46F1D6E7-96C4-4EF6-903E-480A6D1A9EF3}.Release|x64.ActiveCfg = Release|x64
		{46F1D6E7-96C4-4EF6-903E-480A6D1A9EF3}.Release|x64.Build.0 = Release|x64
		{56C49192-E298-49CF-B6F1-C25A9D81A30E}.Debug|x64.ActiveCfg = Debug|x64
		{56C49192-E298-49CF-B6F1-C25A9D81A30E}.Debug|x64.Build.0 = Debug|x64
		{56C49192-E298-49CF-B6F1-C25A9D81A30E}.Release|x64.ActiveCfg = Release|x64
		{56C49192-E298-49CF-B6F1-C25A9D81A30E}.Release|x64.Build.0 = Release|x64
	EndGlobalSection
EndGlobal
