<?xml version="1.0" encoding="utf-8"?>
<Project ToolsVersion="4.0" xmlns="http://schemas.microsoft.com/developer/msbuild/2003">
  <ItemGroup>
    <ClCompile Include="HelloWindowsDesktop.cpp" />
    <ClCompile Include="Dialog.cpp" />
  </ItemGroup>
  <ItemGroup>
    <Manifest Include="Win32DesktopApp.exe.manifest" />
  </ItemGroup>
  <ItemGroup>
    <ClInclude Include="Dialog.h" />
    <ClInclude Include="HelloWindowsDesktop.h" />
  </ItemGroup>
  <ItemGroup>
    <None Include="packages.config" />
  </ItemGroup>
</Project>