
Microsoft Visual Studio Solution File, Format Version 12.00
# Visual Studio Version 16
VisualStudioVersion = 16.0.30011.22
MinimumVisualStudioVersion = 10.0.40219.1
Project("{FAE04EC0-301F-11D3-BF4B-00C04F79EFBC}") = "ColorPicker", "ColorPicker\ColorPicker.csproj", "{D60FBFE6-6739-4ADB-9AAB-5943FFA91F7D}"
EndProject
Global
	GlobalSection(SolutionConfigurationPlatforms) = preSolution
		Debug|Any CPU = Debug|Any CPU
		Release|Any CPU = Release|Any CPU
	EndGlobalSection
	GlobalSection(ProjectConfigurationPlatforms) = postSolution
		{D60FBFE6-6739-4ADB-9AAB-5943FFA91F7D}.Debug|Any CPU.ActiveCfg = Debug|Any CPU
		{D60FBFE6-6739-4ADB-9AAB-5943FFA91F7D}.Debug|Any CPU.Build.0 = Debug|Any CPU
		{D60FBFE6-6739-4ADB-9AAB-5943FFA91F7D}.Release|Any CPU.ActiveCfg = Release|Any CPU
		{D60FBFE6-6739-4ADB-9AAB-5943FFA91F7D}.Release|Any CPU.Build.0 = Release|Any CPU
	EndGlobalSection
	GlobalSection(SolutionProperties) = preSolution
		HideSolutionNode = FALSE
	EndGlobalSection
	GlobalSection(ExtensibilityGlobals) = postSolution
		SolutionGuid = {C81BD551-6B17-42E2-9A40-F03C3F50273E}
	EndGlobalSection
EndGlobal
