
Microsoft Visual Studio Solution File, Format Version 12.00
# Visual Studio Version 16
VisualStudioVersion = 16.0.30011.22
MinimumVisualStudioVersion = 10.0.40219.1
Project("{8BC9CEB8-8B4A-11D0-8D11-00A0C91BC942}") = "QuickScreenTest", "QuickScreenTest\QuickScreenTest.vcxproj", "{326FCE60-AFE2-491E-AF81-6C611222E239}"
EndProject
Global
	GlobalSection(SolutionConfigurationPlatforms) = preSolution
		Debug|Any CPU = Debug|Any CPU
		Debug|x64 = Debug|x64
		Debug|x86 = Debug|x86
		Release|Any CPU = Release|Any CPU
		Release|x64 = Release|x64
		Release|x86 = Release|x86
	EndGlobalSection
	GlobalSection(ProjectConfigurationPlatforms) = postSolution
		{326FCE60-AFE2-491E-AF81-6C611222E239}.Debug|Any CPU.ActiveCfg = Debug|Win32
		{326FCE60-AFE2-491E-AF81-6C611222E239}.Debug|x64.ActiveCfg = Debug|x64
		{326FCE60-AFE2-491E-AF81-6C611222E239}.Debug|x64.Build.0 = Debug|x64
		{326FCE60-AFE2-491E-AF81-6C611222E239}.Debug|x86.ActiveCfg = Debug|Win32
		{326FCE60-AFE2-491E-AF81-6C611222E239}.Debug|x86.Build.0 = Debug|Win32
		{326FCE60-AFE2-491E-AF81-6C611222E239}.Release|Any CPU.ActiveCfg = Release|Win32
		{326FCE60-AFE2-491E-AF81-6C611222E239}.Release|x64.ActiveCfg = Release|x64
		{326FCE60-AFE2-491E-AF81-6C611222E239}.Release|x64.Build.0 = Release|x64
		{326FCE60-AFE2-491E-AF81-6C611222E239}.Release|x86.ActiveCfg = Release|Win32
		{326FCE60-AFE2-491E-AF81-6C611222E239}.Release|x86.Build.0 = Release|Win32
	EndGlobalSection
	GlobalSection(SolutionProperties) = preSolution
		HideSolutionNode = FALSE
	EndGlobalSection
	GlobalSection(ExtensibilityGlobals) = postSolution
		SolutionGuid = {2E6808D8-3A0C-4763-9DF9-D57B2FFE41EB}
	EndGlobalSection
EndGlobal
