
Microsoft Visual Studio Solution File, Format Version 12.00
# Visual Studio Version 17
VisualStudioVersion = 17.3.32901.215
MinimumVisualStudioVersion = 10.0.40219.1
Project("{8BC9CEB8-8B4A-11D0-8D11-00A0C91BC942}") = "Microsoft.CmdPal.Extensions", "Microsoft.CmdPal.Extensions\Microsoft.CmdPal.Extensions.vcxproj", "{305DD37E-C85D-4B08-AAFE-7381FA890463}"
EndProject
Project("{9A19103F-16F7-4668-BE54-9A1E7A4F7556}") = "Microsoft.CmdPal.Extensions.Helpers", "Microsoft.CmdPal.Extensions.Helpers\Microsoft.CmdPal.Extensions.Helpers.csproj", "{79060D06-7174-4D66-8D0B-4FF021154049}"
EndProject
Global
	GlobalSection(SolutionConfigurationPlatforms) = preSolution
		Debug|AnyCPU = Debug|AnyCPU
		Debug|ARM = Debug|ARM
		Debug|arm64 = Debug|arm64
		Debug|x64 = Debug|x64
		Debug|x86 = Debug|x86
		Release|AnyCPU = Release|AnyCPU
		Release|ARM = Release|ARM
		Release|arm64 = Release|arm64
		Release|x64 = Release|x64
		Release|x86 = Release|x86
	EndGlobalSection
	GlobalSection(ProjectConfigurationPlatforms) = postSolution
		{295DD37E-C85D-4B08-AAFE-7381FA890463}.Debug|AnyCPU.ActiveCfg = Debug|x64
		{295DD37E-C85D-4B08-AAFE-7381FA890463}.Debug|AnyCPU.Build.0 = Debug|x64
		{295DD37E-C85D-4B08-AAFE-7381FA890463}.Debug|ARM.ActiveCfg = Debug|ARM
		{295DD37E-C85D-4B08-AAFE-7381FA890463}.Debug|ARM.Build.0 = Debug|ARM
		{295DD37E-C85D-4B08-AAFE-7381FA890463}.Debug|arm64.ActiveCfg = Debug|arm64
		{295DD37E-C85D-4B08-AAFE-7381FA890463}.Debug|arm64.Build.0 = Debug|arm64
		{295DD37E-C85D-4B08-AAFE-7381FA890463}.Debug|x64.ActiveCfg = Debug|x64
		{295DD37E-C85D-4B08-AAFE-7381FA890463}.Debug|x64.Build.0 = Debug|x64
		{295DD37E-C85D-4B08-AAFE-7381FA890463}.Debug|x86.ActiveCfg = Debug|Win32
		{295DD37E-C85D-4B08-AAFE-7381FA890463}.Debug|x86.Build.0 = Debug|Win32
		{295DD37E-C85D-4B08-AAFE-7381FA890463}.Release|AnyCPU.ActiveCfg = Release|x64
		{295DD37E-C85D-4B08-AAFE-7381FA890463}.Release|AnyCPU.Build.0 = Release|x64
		{295DD37E-C85D-4B08-AAFE-7381FA890463}.Release|ARM.ActiveCfg = Release|ARM
		{295DD37E-C85D-4B08-AAFE-7381FA890463}.Release|ARM.Build.0 = Release|ARM
		{295DD37E-C85D-4B08-AAFE-7381FA890463}.Release|arm64.ActiveCfg = Release|arm64
		{295DD37E-C85D-4B08-AAFE-7381FA890463}.Release|arm64.Build.0 = Release|arm64
		{295DD37E-C85D-4B08-AAFE-7381FA890463}.Release|x64.ActiveCfg = Release|x64
		{295DD37E-C85D-4B08-AAFE-7381FA890463}.Release|x64.Build.0 = Release|x64
		{295DD37E-C85D-4B08-AAFE-7381FA890463}.Release|x86.ActiveCfg = Release|Win32
		{295DD37E-C85D-4B08-AAFE-7381FA890463}.Release|x86.Build.0 = Release|Win32
		{D238B284-AEA7-4F77-AB27-C86261D5B7D3}.Debug|AnyCPU.ActiveCfg = Debug|AnyCPU
		{D238B284-AEA7-4F77-AB27-C86261D5B7D3}.Debug|AnyCPU.Build.0 = Debug|AnyCPU
		{D238B284-AEA7-4F77-AB27-C86261D5B7D3}.Debug|ARM.ActiveCfg = Debug|AnyCPU
		{D238B284-AEA7-4F77-AB27-C86261D5B7D3}.Debug|ARM.Build.0 = Debug|AnyCPU
		{D238B284-AEA7-4F77-AB27-C86261D5B7D3}.Debug|arm64.ActiveCfg = Debug|arm64
		{D238B284-AEA7-4F77-AB27-C86261D5B7D3}.Debug|arm64.Build.0 = Debug|arm64
		{D238B284-AEA7-4F77-AB27-C86261D5B7D3}.Debug|x64.ActiveCfg = Debug|x64
		{D238B284-AEA7-4F77-AB27-C86261D5B7D3}.Debug|x64.Build.0 = Debug|x64
		{D238B284-AEA7-4F77-AB27-C86261D5B7D3}.Debug|x86.ActiveCfg = Debug|x86
		{D238B284-AEA7-4F77-AB27-C86261D5B7D3}.Debug|x86.Build.0 = Debug|x86
		{D238B284-AEA7-4F77-AB27-C86261D5B7D3}.Release|AnyCPU.ActiveCfg = Release|AnyCPU
		{D238B284-AEA7-4F77-AB27-C86261D5B7D3}.Release|AnyCPU.Build.0 = Release|AnyCPU
		{D238B284-AEA7-4F77-AB27-C86261D5B7D3}.Release|ARM.ActiveCfg = Release|AnyCPU
		{D238B284-AEA7-4F77-AB27-C86261D5B7D3}.Release|ARM.Build.0 = Release|AnyCPU
		{D238B284-AEA7-4F77-AB27-C86261D5B7D3}.Release|arm64.ActiveCfg = Release|arm64
		{D238B284-AEA7-4F77-AB27-C86261D5B7D3}.Release|arm64.Build.0 = Release|arm64
		{D238B284-AEA7-4F77-AB27-C86261D5B7D3}.Release|x64.ActiveCfg = Release|x64
		{D238B284-AEA7-4F77-AB27-C86261D5B7D3}.Release|x64.Build.0 = Release|x64
		{D238B284-AEA7-4F77-AB27-C86261D5B7D3}.Release|x86.ActiveCfg = Release|x86
		{D238B284-AEA7-4F77-AB27-C86261D5B7D3}.Release|x86.Build.0 = Release|x86
	EndGlobalSection
	GlobalSection(SolutionProperties) = preSolution
		HideSolutionNode = FALSE
	EndGlobalSection
	GlobalSection(ExtensibilityGlobals) = postSolution
		SolutionGuid = {B00DE33B-30B3-4324-95CD-7F3E6D0B1C78}
	EndGlobalSection
EndGlobal
