<?xml version="1.0" encoding="utf-8"?>
<Project ToolsVersion="4.0" xmlns="http://schemas.microsoft.com/developer/msbuild/2003">
  <ItemGroup>
    <Filter Include="Source Files">
      <UniqueIdentifier>{4FC737F1-C7A5-4376-A066-2A32D752A2FF}</UniqueIdentifier>
      <Extensions>cpp;c;cc;cxx;c++;cppm;ixx;def;odl;idl;hpj;bat;asm;asmx</Extensions>
    </Filter>
    <Filter Include="Header Files">
      <UniqueIdentifier>{93995380-89BD-4b04-88EB-625FBE52EBFB}</UniqueIdentifier>
      <Extensions>h;hh;hpp;hxx;h++;hm;inl;inc;ipp;xsd</Extensions>
    </Filter>
    <Filter Include="Resource Files">
      <UniqueIdentifier>{67DA6AB6-F800-4c08-8B7A-83BB121AAD01}</UniqueIdentifier>
      <Extensions>rc;ico;cur;bmp;dlg;rc2;rct;bin;rgs;gif;jpg;jpeg;jpe;resx;tiff;tif;png;wav;mfcribbon-ms</Extensions>
    </Filter>
  </ItemGroup>
  <ItemGroup>
    <ClInclude Include="pch.h">
      <Filter>Header Files</Filter>
    </ClInclude>
    <ClInclude Include="BufferValidationHelpers.h">
      <Filter>Header Files</Filter>
    </ClInclude>
    <ClInclude Include="Dialog.h">
      <Filter>Header Files</Filter>
    </ClInclude>
    <ClInclude Include="EditKeyboardWindow.h">
      <Filter>Header Files</Filter>
    </ClInclude>
    <ClInclude Include="EditShortcutsWindow.h">
      <Filter>Header Files</Filter>
    </ClInclude>
    <ClInclude Include="KeyDropDownControl.h">
      <Filter>Header Files</Filter>
    </ClInclude>
    <ClInclude Include="LoadingAndSavingRemappingHelper.h">
      <Filter>Header Files</Filter>
    </ClInclude>
    <ClInclude Include="ShortcutControl.h">
      <Filter>Header Files</Filter>
    </ClInclude>
    <ClInclude Include="SingleKeyRemapControl.h">
      <Filter>Header Files</Filter>
    </ClInclude>
    <ClInclude Include="Styles.h">
      <Filter>Header Files</Filter>
    </ClInclude>
    <ClInclude Include="targetver.h">
      <Filter>Header Files</Filter>
    </ClInclude>
    <ClInclude Include="UIHelpers.h">
      <Filter>Header Files</Filter>
    </ClInclude>
    <ClInclude Include="XamlBridge.h">
      <Filter>Header Files</Filter>
    </ClInclude>
    <ClInclude Include="KeyboardManagerEditorStrings.h">
      <Filter>Header Files</Filter>
    </ClInclude>
    <ClInclude Include="trace.h">
      <Filter>Header Files</Filter>
    </ClInclude>
    <ClInclude Include="KeyboardManagerState.h">
      <Filter>Header Files</Filter>
    </ClInclude>
    <ClInclude Include="EditorHelpers.h">
      <Filter>Header Files</Filter>
    </ClInclude>
    <ClInclude Include="ShortcutErrorType.h">
      <Filter>Header Files</Filter>
    </ClInclude>
    <ClInclude Include="KeyDelay.h">
      <Filter>Header Files</Filter>
    </ClInclude>
    <ClInclude Include="EditorConstants.h">
      <Filter>Header Files</Filter>
    </ClInclude>
    <ClInclude Include="XamlBridge2.h">
      <Filter>Header Files</Filter>
    </ClInclude>
  </ItemGroup>
  <ItemGroup>
    <ClCompile Include="pch.cpp">
      <Filter>Source Files</Filter>
    </ClCompile>
    <ClCompile Include="BufferValidationHelpers.cpp">
      <Filter>Source Files</Filter>
    </ClCompile>
    <ClCompile Include="Dialog.cpp">
      <Filter>Source Files</Filter>
    </ClCompile>
    <ClCompile Include="EditKeyboardWindow.cpp">
      <Filter>Source Files</Filter>
    </ClCompile>
    <ClCompile Include="EditShortcutsWindow.cpp">
      <Filter>Source Files</Filter>
    </ClCompile>
    <ClCompile Include="KeyDropDownControl.cpp">
      <Filter>Source Files</Filter>
    </ClCompile>
    <ClCompile Include="LoadingAndSavingRemappingHelper.cpp">
      <Filter>Source Files</Filter>
    </ClCompile>
    <ClCompile Include="ShortcutControl.cpp">
      <Filter>Source Files</Filter>
    </ClCompile>
    <ClCompile Include="SingleKeyRemapControl.cpp">
      <Filter>Source Files</Filter>
    </ClCompile>
    <ClCompile Include="Styles.cpp">
      <Filter>Source Files</Filter>
    </ClCompile>
    <ClCompile Include="UIHelpers.cpp">
      <Filter>Source Files</Filter>
    </ClCompile>
    <ClCompile Include="XamlBridge.cpp">
      <Filter>Source Files</Filter>
    </ClCompile>
    <ClCompile Include="KeyboardManagerEditorStrings.cpp">
      <Filter>Source Files</Filter>
    </ClCompile>
    <ClCompile Include="trace.cpp">
      <Filter>Source Files</Filter>
    </ClCompile>
    <ClCompile Include="KeyboardManagerState.cpp">
      <Filter>Source Files</Filter>
    </ClCompile>
    <ClCompile Include="EditorHelpers.cpp">
      <Filter>Source Files</Filter>
    </ClCompile>
    <ClCompile Include="KeyDelay.cpp">
      <Filter>Source Files</Filter>
    </ClCompile>
    <ClCompile Include="XamlBridge2.cpp">
      <Filter>Source Files</Filter>
    </ClCompile>
  </ItemGroup>
  <ItemGroup>
    <None Include="packages.config" />
  </ItemGroup>
</Project>