
Microsoft Visual Studio Solution File, Format Version 12.00
# Visual Studio Version 16
VisualStudioVersion = 16.0.30320.27
MinimumVisualStudioVersion = 10.0.40219.1
Project("{8BC9CEB8-8B4A-11D0-8D11-00A0C91BC942}") = "bootstrapper", "bootstrapper\bootstrapper.vcxproj", "{D194E3AA-F824-4CA9-9A58-034DD6B7D022}"
EndProject
Project("{8BC9CEB8-8B4A-11D0-8D11-00A0C91BC942}") = "spdlog", "..\..\src\logging\logging.vcxproj", "{7E1E3F13-2BD6-3F75-A6A7-873A2B55C60F}"
EndProject
Project("{8BC9CEB8-8B4A-11D0-8D11-00A0C91BC942}") = "Version", "..\..\src\common\version\version.vcxproj", "{CC6E41AC-8174-4E8A-8D22-85DD7F4851DF}"
EndProject
Project("{8BC9CEB8-8B4A-11D0-8D11-00A0C91BC942}") = "SetttingsAPI", "..\..\src\common\SettingsAPI\SetttingsAPI.vcxproj", "{6955446D-23F7-4023-9BB3-8657F904AF99}"
EndProject
Global
	GlobalSection(SolutionConfigurationPlatforms) = preSolution
		Debug|x64 = Debug|x64
		Release|x64 = Release|x64
	EndGlobalSection
	GlobalSection(ProjectConfigurationPlatforms) = postSolution
		{D194E3AA-F824-4CA9-9A58-034DD6B7D022}.Debug|x64.ActiveCfg = Debug|x64
		{D194E3AA-F824-4CA9-9A58-034DD6B7D022}.Debug|x64.Build.0 = Debug|x64
		{D194E3AA-F824-4CA9-9A58-034DD6B7D022}.Release|x64.ActiveCfg = Release|x64
		{D194E3AA-F824-4CA9-9A58-034DD6B7D022}.Release|x64.Build.0 = Release|x64
		{7E1E3F13-2BD6-3F75-A6A7-873A2B55C60F}.Debug|x64.ActiveCfg = Debug|x64
		{7E1E3F13-2BD6-3F75-A6A7-873A2B55C60F}.Debug|x64.Build.0 = Debug|x64
		{7E1E3F13-2BD6-3F75-A6A7-873A2B55C60F}.Release|x64.ActiveCfg = Release|x64
		{7E1E3F13-2BD6-3F75-A6A7-873A2B55C60F}.Release|x64.Build.0 = Release|x64
		{CC6E41AC-8174-4E8A-8D22-85DD7F4851DF}.Debug|x64.ActiveCfg = Debug|x64
		{CC6E41AC-8174-4E8A-8D22-85DD7F4851DF}.Debug|x64.Build.0 = Debug|x64
		{CC6E41AC-8174-4E8A-8D22-85DD7F4851DF}.Release|x64.ActiveCfg = Release|x64
		{CC6E41AC-8174-4E8A-8D22-85DD7F4851DF}.Release|x64.Build.0 = Release|x64
		{6955446D-23F7-4023-9BB3-8657F904AF99}.Debug|x64.ActiveCfg = Debug|x64
		{6955446D-23F7-4023-9BB3-8657F904AF99}.Debug|x64.Build.0 = Debug|x64
		{6955446D-23F7-4023-9BB3-8657F904AF99}.Release|x64.ActiveCfg = Release|x64
		{6955446D-23F7-4023-9BB3-8657F904AF99}.Release|x64.Build.0 = Release|x64
	EndGlobalSection
	GlobalSection(SolutionProperties) = preSolution
		HideSolutionNode = FALSE
	EndGlobalSection
	GlobalSection(ExtensibilityGlobals) = postSolution
		SolutionGuid = {B288A538-1B79-4782-A737-14CD9CF07F58}
	EndGlobalSection
EndGlobal
