<?xml version="1.0" encoding="utf-8"?>
<Project ToolsVersion="4.0" xmlns="http://schemas.microsoft.com/developer/msbuild/2003">
  <ItemGroup>
    <Filter Include="Source Files">
      <UniqueIdentifier>{4FC737F1-C7A5-4376-A066-2A32D752A2FF}</UniqueIdentifier>
      <Extensions>cpp;c;cc;cxx;c++;cppm;ixx;def;odl;idl;hpj;bat;asm;asmx</Extensions>
    </Filter>
    <Filter Include="Header Files">
      <UniqueIdentifier>{93995380-89BD-4b04-88EB-625FBE52EBFB}</UniqueIdentifier>
      <Extensions>h;hh;hpp;hxx;h++;hm;inl;inc;ipp;xsd</Extensions>
    </Filter>
    <Filter Include="Resource Files">
      <UniqueIdentifier>{67DA6AB6-F800-4c08-8B7A-83BB121AAD01}</UniqueIdentifier>
      <Extensions>rc;ico;cur;bmp;dlg;rc2;rct;bin;rgs;gif;jpg;jpeg;jpe;resx;tiff;tif;png;wav;mfcribbon-ms</Extensions>
    </Filter>
    <Filter Include="Generated Files">
      <UniqueIdentifier>{4cea4fff-ccef-4b62-9e46-f33da2b9a0cc}</UniqueIdentifier>
    </Filter>
  </ItemGroup>
  <ItemGroup>
    <ClInclude Include="pch.h">
      <Filter>Header Files</Filter>
    </ClInclude>
    <ClInclude Include="shell_context_menu_win10.h">
      <Filter>Header Files</Filter>
    </ClInclude>
    <ClInclude Include="resource.base.h">
      <Filter>Header Files</Filter>
    </ClInclude>
    <ClInclude Include="Generated Files\resource.h">
      <Filter>Generated Files</Filter>
    </ClInclude>
    <ClInclude Include="..\NewShellExtensionContextMenu\new_utilities.h">
      <Filter>Header Files</Filter>
    </ClInclude>
    <ClInclude Include="..\NewShellExtensionContextMenu\shell_context_sub_menu.h">
      <Filter>Header Files</Filter>
    </ClInclude>
    <ClInclude Include="..\NewShellExtensionContextMenu\shell_context_sub_menu_item.h">
      <Filter>Header Files</Filter>
    </ClInclude>
    <ClInclude Include="..\NewShellExtensionContextMenu\template_folder.h">
      <Filter>Header Files</Filter>
    </ClInclude>
    <ClInclude Include="..\NewShellExtensionContextMenu\template_item.h">
      <Filter>Header Files</Filter>
    </ClInclude>
    <ClInclude Include="..\NewShellExtensionContextMenu\trace.h">
      <Filter>Header Files</Filter>
    </ClInclude>
    <ClInclude Include="..\NewShellExtensionContextMenu\constants.h">
      <Filter>Header Files</Filter>
    </ClInclude>
    <ClInclude Include="dll_main.h">
      <Filter>Header Files</Filter>
    </ClInclude>
    <ClInclude Include="..\NewShellExtensionContextMenu\settings.h">
      <Filter>Header Files</Filter>
    </ClInclude>
    <ClInclude Include="..\NewShellExtensionContextMenu\helpers_filesystem.h">
      <Filter>Header Files</Filter>
    </ClInclude>
    <ClInclude Include="..\NewShellExtensionContextMenu\helpers_variables.h">
      <Filter>Header Files</Filter>
    </ClInclude>
  </ItemGroup>
  <ItemGroup>
    <ClCompile Include="pch.cpp">
      <Filter>Source Files</Filter>
    </ClCompile>
    <ClCompile Include="dll_main.cpp">
      <Filter>Source Files</Filter>
    </ClCompile>
    <ClCompile Include="shell_context_menu_win10.cpp">
      <Filter>Source Files</Filter>
    </ClCompile>
    <ClCompile Include="..\NewShellExtensionContextMenu\template_item.cpp">
      <Filter>Source Files</Filter>
    </ClCompile>
    <ClCompile Include="..\NewShellExtensionContextMenu\template_folder.cpp">
      <Filter>Source Files</Filter>
    </ClCompile>
    <ClCompile Include="..\NewShellExtensionContextMenu\shell_context_sub_menu.cpp">
      <Filter>Source Files</Filter>
    </ClCompile>
    <ClCompile Include="..\NewShellExtensionContextMenu\shell_context_sub_menu_item.cpp">
      <Filter>Source Files</Filter>
    </ClCompile>
    <ClCompile Include="..\NewShellExtensionContextMenu\powertoys_module.cpp">
      <Filter>Source Files</Filter>
    </ClCompile>
    <ClCompile Include="..\NewShellExtensionContextMenu\settings.cpp">
      <Filter>Source Files</Filter>
    </ClCompile>
    <ClCompile Include="..\NewShellExtensionContextMenu\trace.cpp">
      <Filter>Source Files</Filter>
    </ClCompile>
    <ClCompile Include="..\NewShellExtensionContextMenu\new_utilities.cpp">
      <Filter>Source Files</Filter>
    </ClCompile>
    <ClCompile Include="..\..\powerrename\lib\Helpers.cpp">
      <Filter>Source Files</Filter>
    </ClCompile>
  </ItemGroup>
  <ItemGroup>
    <ResourceCompile Include="Generated Files\new.rc">
      <Filter>Generated Files</Filter>
    </ResourceCompile>
  </ItemGroup>
  <ItemGroup>
    <None Include="packages.config" />
    <None Include="dll.def">
      <Filter>Source Files</Filter>
    </None>
    <None Include="new.base.rc">
      <Filter>Resource Files</Filter>
    </None>
    <None Include="resources.resx">
      <Filter>Resource Files</Filter>
    </None>
  </ItemGroup>
  <ItemGroup>
    <Natvis Include="$(MSBuildThisFileDirectory)..\..\natvis\wil.natvis" />
  </ItemGroup>
</Project>