
Microsoft Visual Studio Solution File, Format Version 12.00
# Visual Studio Version 17
VisualStudioVersion = 17.9.34622.214
MinimumVisualStudioVersion = 10.0.40219.1
Project("{8BC9CEB8-8B4A-11D0-8D11-00A0C91BC942}") = "ProjectsSnapshotTool", "ProjectsSnapshotTool\ProjectsSnapshotTool.vcxproj", "{3D63307B-9D27-44FD-B033-B26F39245B85}"
EndProject
Project("{2150E333-8FDC-42A3-9474-1A3956D46DE8}") = "projects-common", "projects-common", "{BA45247D-3046-408D-BE01-128587A7799F}"
	ProjectSection(SolutionItems) = preProject
		projects-common\Data.h = projects-common\Data.h
		projects-common\GuidUtils.h = projects-common\GuidUtils.h
		projects-common\json.h = projects-common\json.h
		projects-common\MonitorEnumerator.h = projects-common\MonitorEnumerator.h
		projects-common\WindowEnumerator.h = projects-common\WindowEnumerator.h
	EndProjectSection
EndProject
Project("{8BC9CEB8-8B4A-11D0-8D11-00A0C91BC942}") = "ProjectsLauncher", "ProjectsLauncher\ProjectsLauncher.vcxproj", "{2CAC093E-5FCF-4102-9C2C-AC7DD5D9EB96}"
EndProject
Project("{9A19103F-16F7-4668-BE54-9A1E7A4F7556}") = "ProjectsEditor", "ProjectsEditor\ProjectsEditor.csproj", "{5CCC8468-DEC8-4D36-99D4-5C891BEBD481}"
EndProject
Global
	GlobalSection(SolutionConfigurationPlatforms) = preSolution
		Debug|Any CPU = Debug|Any CPU
		Debug|x64 = Debug|x64
		Debug|x86 = Debug|x86
		Release|Any CPU = Release|Any CPU
		Release|x64 = Release|x64
		Release|x86 = Release|x86
	EndGlobalSection
	GlobalSection(ProjectConfigurationPlatforms) = postSolution
		{3D63307B-9D27-44FD-B033-B26F39245B85}.Debug|Any CPU.ActiveCfg = Debug|x64
		{3D63307B-9D27-44FD-B033-B26F39245B85}.Debug|Any CPU.Build.0 = Debug|x64
		{3D63307B-9D27-44FD-B033-B26F39245B85}.Debug|x64.ActiveCfg = Debug|x64
		{3D63307B-9D27-44FD-B033-B26F39245B85}.Debug|x64.Build.0 = Debug|x64
		{3D63307B-9D27-44FD-B033-B26F39245B85}.Debug|x86.ActiveCfg = Debug|Win32
		{3D63307B-9D27-44FD-B033-B26F39245B85}.Debug|x86.Build.0 = Debug|Win32
		{3D63307B-9D27-44FD-B033-B26F39245B85}.Release|Any CPU.ActiveCfg = Release|x64
		{3D63307B-9D27-44FD-B033-B26F39245B85}.Release|Any CPU.Build.0 = Release|x64
		{3D63307B-9D27-44FD-B033-B26F39245B85}.Release|x64.ActiveCfg = Release|x64
		{3D63307B-9D27-44FD-B033-B26F39245B85}.Release|x64.Build.0 = Release|x64
		{3D63307B-9D27-44FD-B033-B26F39245B85}.Release|x86.ActiveCfg = Release|Win32
		{3D63307B-9D27-44FD-B033-B26F39245B85}.Release|x86.Build.0 = Release|Win32
		{2CAC093E-5FCF-4102-9C2C-AC7DD5D9EB96}.Debug|Any CPU.ActiveCfg = Debug|x64
		{2CAC093E-5FCF-4102-9C2C-AC7DD5D9EB96}.Debug|Any CPU.Build.0 = Debug|x64
		{2CAC093E-5FCF-4102-9C2C-AC7DD5D9EB96}.Debug|x64.ActiveCfg = Debug|x64
		{2CAC093E-5FCF-4102-9C2C-AC7DD5D9EB96}.Debug|x64.Build.0 = Debug|x64
		{2CAC093E-5FCF-4102-9C2C-AC7DD5D9EB96}.Debug|x86.ActiveCfg = Debug|Win32
		{2CAC093E-5FCF-4102-9C2C-AC7DD5D9EB96}.Debug|x86.Build.0 = Debug|Win32
		{2CAC093E-5FCF-4102-9C2C-AC7DD5D9EB96}.Release|Any CPU.ActiveCfg = Release|x64
		{2CAC093E-5FCF-4102-9C2C-AC7DD5D9EB96}.Release|Any CPU.Build.0 = Release|x64
		{2CAC093E-5FCF-4102-9C2C-AC7DD5D9EB96}.Release|x64.ActiveCfg = Release|x64
		{2CAC093E-5FCF-4102-9C2C-AC7DD5D9EB96}.Release|x64.Build.0 = Release|x64
		{2CAC093E-5FCF-4102-9C2C-AC7DD5D9EB96}.Release|x86.ActiveCfg = Release|Win32
		{2CAC093E-5FCF-4102-9C2C-AC7DD5D9EB96}.Release|x86.Build.0 = Release|Win32
		{5CCC8468-DEC8-4D36-99D4-5C891BEBD481}.Debug|Any CPU.ActiveCfg = Debug|Any CPU
		{5CCC8468-DEC8-4D36-99D4-5C891BEBD481}.Debug|Any CPU.Build.0 = Debug|Any CPU
		{5CCC8468-DEC8-4D36-99D4-5C891BEBD481}.Debug|x64.ActiveCfg = Debug|x64
		{5CCC8468-DEC8-4D36-99D4-5C891BEBD481}.Debug|x64.Build.0 = Debug|x64
		{5CCC8468-DEC8-4D36-99D4-5C891BEBD481}.Debug|x86.ActiveCfg = Debug|Any CPU
		{5CCC8468-DEC8-4D36-99D4-5C891BEBD481}.Debug|x86.Build.0 = Debug|Any CPU
		{5CCC8468-DEC8-4D36-99D4-5C891BEBD481}.Release|Any CPU.ActiveCfg = Release|Any CPU
		{5CCC8468-DEC8-4D36-99D4-5C891BEBD481}.Release|Any CPU.Build.0 = Release|Any CPU
		{5CCC8468-DEC8-4D36-99D4-5C891BEBD481}.Release|x64.ActiveCfg = Release|x64
		{5CCC8468-DEC8-4D36-99D4-5C891BEBD481}.Release|x64.Build.0 = Release|x64
		{5CCC8468-DEC8-4D36-99D4-5C891BEBD481}.Release|x86.ActiveCfg = Release|Any CPU
		{5CCC8468-DEC8-4D36-99D4-5C891BEBD481}.Release|x86.Build.0 = Release|Any CPU
	EndGlobalSection
	GlobalSection(SolutionProperties) = preSolution
		HideSolutionNode = FALSE
	EndGlobalSection
	GlobalSection(ExtensibilityGlobals) = postSolution
		SolutionGuid = {BE6AD818-2650-419C-8FDE-535C22ED09B3}
	EndGlobalSection
EndGlobal
