
Microsoft Visual Studio Solution File, Format Version 12.00
# Visual Studio Version 17
VisualStudioVersion = 17.14.36127.28 d17.14
MinimumVisualStudioVersion = 10.0.40219.1
Project("{8BC9CEB8-8B4A-11D0-8D11-00A0C91BC942}") = "DarkModeModuleInterface", "DarkModeModuleInterface.vcxproj", "{38177D56-6AD1-4ADF-88C9-2843A7932166}"
EndProject
Global
	GlobalSection(SolutionConfigurationPlatforms) = preSolution
		Debug|x64 = Debug|x64
		Release|x64 = Release|x64
	EndGlobalSection
	GlobalSection(ProjectConfigurationPlatforms) = postSolution
		{38177D56-6AD1-4ADF-88C9-2843A7932166}.Debug|x64.ActiveCfg = Debug|x64
		{38177D56-6AD1-4ADF-88C9-2843A7932166}.Debug|x64.Build.0 = Debug|x64
		{38177D56-6AD1-4ADF-88C9-2843A7932166}.Release|x64.ActiveCfg = Release|x64
		{38177D56-6AD1-4ADF-88C9-2843A7932166}.Release|x64.Build.0 = Release|x64
	EndGlobalSection
	GlobalSection(SolutionProperties) = preSolution
		HideSolutionNode = FALSE
	EndGlobalSection
	GlobalSection(ExtensibilityGlobals) = postSolution
		SolutionGuid = {FAF634A3-0D98-4A45-B082-D93B59782572}
	EndGlobalSection
EndGlobal
