
Microsoft Visual Studio Solution File, Format Version 12.00
# Visual Studio 15
VisualStudioVersion = 15.0.26430.6
MinimumVisualStudioVersion = 10.0.40219.1
Project("{FAE04EC0-301F-11D3-BF4B-00C04F79EFBC}") = "Window Walker", "Window Walker\Window Walker.csproj", "{B9BDF8BE-FED7-49B5-A7AE-DD4D1CA2D9EB}"
EndProject
Global
	GlobalSection(Performance) = preSolution
		HasPerformanceSessions = true
	EndGlobalSection
	GlobalSection(SolutionConfigurationPlatforms) = preSolution
		Debug|Any CPU = Debug|Any CPU
		Release|Any CPU = Release|Any CPU
	EndGlobalSection
	GlobalSection(ProjectConfigurationPlatforms) = postSolution
		{B9BDF8BE-FED7-49B5-A7AE-DD4D1CA2D9EB}.Debug|Any CPU.ActiveCfg = Debug|Any CPU
		{B9BDF8BE-FED7-49B5-A7AE-DD4D1CA2D9EB}.Debug|Any CPU.Build.0 = Debug|Any CPU
		{B9BDF8BE-FED7-49B5-A7AE-DD4D1CA2D9EB}.Release|Any CPU.ActiveCfg = Release|Any CPU
		{B9BDF8BE-FED7-49B5-A7AE-DD4D1CA2D9EB}.Release|Any CPU.Build.0 = Release|Any CPU
	EndGlobalSection
	GlobalSection(SolutionProperties) = preSolution
		HideSolutionNode = FALSE
	EndGlobalSection
EndGlobal
