{
  "name": "sample-js-extension",
  "version": "0.1.0",
  "lockfileVersion": 3,
  "requires": true,
  "packages": {
    "": {
      "name": "sample-js-extension",
      "version": "0.1.0",
      "license": "MIT",
      "dependencies": {
        "@microsoft/cmdpal-sdk": "file:../../ts-sdk"
      },
      "devDependencies": {
        "@types/node": "^22.7.0",
        "typescript": "^5.8.0"
      },
      "engines": {
        "node": ">=22.0.0"
      }
    },
    "../../ts-sdk": {
      "name": "@microsoft/cmdpal-sdk",
      "version": "0.1.0",
      "license": "MIT",
      "devDependencies": {
        "@eslint/js": "^9.13.0",
        "@types/node": "^22.7.0",
        "eslint": "^9.13.0",
        "eslint-config-prettier": "^9.1.0",
        "prettier": "^3.3.3",
        "typescript": "^5.8.0",
        "typescript-eslint": "^8.10.0",
        "vitest": "^2.1.0"
      },
      "engines": {
        "node": ">=22.0.0"
      }
    },
    "node_modules/@microsoft/cmdpal-sdk": {
      "resolved": "../../ts-sdk",
      "link": true
    },
    "node_modules/@types/node": {
      "version": "22.20.0",
      "resolved": "https://ms-feed-25.pkgs.visualstudio.com/1es-public/_packaging/npm-public/npm/registry/@types/node/-/node-22.20.0.tgz",
      "integrity": "sha1-Qx9QBzlrwaGke5x99g8+XgtbcwQ=",
      "dev": true,
      "license": "MIT",
      "dependencies": {
        "undici-types": "~6.21.0"
      }
    },
    "node_modules/typescript": {
      "version": "5.9.3",
      "resolved": "https://ms-feed-2.pkgs.visualstudio.com/1es-public/_packaging/npm-public/npm/registry/typescript/-/typescript-5.9.3.tgz",
      "integrity": "sha1-W09Z4VMQqxeiFvXWz1PuR27eZw8=",
      "dev": true,
      "license": "Apache-2.0",
      "bin": {
        "tsc": "bin/tsc",
        "tsserver": "bin/tsserver"
      },
      "engines": {
        "node": ">=14.17"
      }
    },
    "node_modules/undici-types": {
      "version": "6.21.0",
      "resolved": "https://ms-feed-25.pkgs.visualstudio.com/1es-public/_packaging/npm-public/npm/registry/undici-types/-/undici-types-6.21.0.tgz",
      "integrity": "sha1-aR0ArzkJvpOn+qE75hs6W1DvEss=",
      "dev": true,
      "license": "MIT"
    }
  }
}
