{
  "name": "@cmdpal/sample-js-extension",
  "version": "0.1.0",
  "lockfileVersion": 3,
  "requires": true,
  "packages": {
    "": {
      "name": "@cmdpal/sample-js-extension",
      "version": "0.1.0",
      "dependencies": {
        "@microsoft/cmdpal-sdk": "file:../../ts-sdk"
      },
      "devDependencies": {
        "typescript": "^5.8.0"
      }
    },
    "../../ts-sdk": {
      "name": "@microsoft/cmdpal-sdk",
      "version": "0.1.0",
      "license": "MIT",
      "dependencies": {
        "vscode-jsonrpc": "^9.0.0"
      },
      "devDependencies": {
        "@types/node": "^22.0.0",
        "typescript": "^5.8.0"
      },
      "engines": {
        "node": ">=22.0.0"
      }
    },
    "node_modules/@microsoft/cmdpal-sdk": {
      "resolved": "../../ts-sdk",
      "link": true
    },
    "node_modules/typescript": {
      "version": "5.9.3",
      "resolved": "https://registry.npmjs.org/typescript/-/typescript-5.9.3.tgz",
      "integrity": "sha512-jl1vZzPDinLr9eUt3J/t7V6FgNEw9QjvBPdysz9KfQDD41fQrC2Y4vKQdiaUpFT4bXlb1RHhLpp8wtm6M5TgSw==",
      "dev": true,
      "license": "Apache-2.0",
      "bin": {
        "tsc": "bin/tsc",
        "tsserver": "bin/tsserver"
      },
      "engines": {
        "node": ">=14.17"
      }
    }
  }
}
