<?xml version="1.0" encoding="utf-8"?>
<Project ToolsVersion="4.0" xmlns="http://schemas.microsoft.com/developer/msbuild/2003">
  <ItemGroup>
    <ClCompile Include="main.cpp" />
    <ClCompile Include="pch.cpp" />
    <ClCompile Include="unhandled_exception_handler.cpp">
      <Filter>Utils</Filter>
    </ClCompile>
    <ClCompile Include="tray_icon.cpp">
      <Filter>Utils</Filter>
    </ClCompile>
    <ClCompile Include="powertoy_module.cpp">
      <Filter>Utils</Filter>
    </ClCompile>
    <ClCompile Include="trace.cpp">
      <Filter>Utils</Filter>
    </ClCompile>
    <ClCompile Include="settings_window.cpp">
      <Filter>Utils</Filter>
    </ClCompile>
    <ClCompile Include="auto_start_helper.cpp">
      <Filter>Utils</Filter>
    </ClCompile>
    <ClCompile Include="general_settings.cpp">
      <Filter>Utils</Filter>
    </ClCompile>
    <ClCompile Include="restart_elevated.cpp">
      <Filter>Utils</Filter>
    </ClCompile>
    <ClCompile Include="UpdateUtils.cpp">
      <Filter>Utils</Filter>
    </ClCompile>
    <ClCompile Include="centralized_kb_hook.cpp">
      <Filter>Utils</Filter>
    </ClCompile>
    <ClCompile Include="..\common\interop\two_way_pipe_message_ipc.cpp">
      <Filter>Utils</Filter>
    </ClCompile>
    <ClCompile Include="settings_telemetry.cpp">
      <Filter>Utils</Filter>
    </ClCompile>
    <ClCompile Include="centralized_hotkeys.cpp">
      <Filter>Utils</Filter>
    </ClCompile>
    <ClCompile Include="bug_report.cpp">
      <Filter>Utils</Filter>
    </ClCompile>
    <ClCompile Include="hotkey_conflict_detector.cpp">
      <Filter>Utils</Filter>
    </ClCompile>
    <ClCompile Include="quick_access_host.cpp">
      <Filter>Utils</Filter>
    </ClCompile>
  </ItemGroup>
  <ItemGroup>
    <ClInclude Include="pch.h" />
    <ClInclude Include="unhandled_exception_handler.h">
      <Filter>Utils</Filter>
    </ClInclude>
    <ClInclude Include="tray_icon.h">
      <Filter>Utils</Filter>
    </ClInclude>
    <ClInclude Include="powertoy_module.h">
      <Filter>Utils</Filter>
    </ClInclude>
    <ClInclude Include="trace.h">
      <Filter>Utils</Filter>
    </ClInclude>
    <ClInclude Include="settings_window.h">
      <Filter>Utils</Filter>
    </ClInclude>
    <ClInclude Include="auto_start_helper.h">
      <Filter>Utils</Filter>
    </ClInclude>
    <ClInclude Include="general_settings.h">
      <Filter>Utils</Filter>
    </ClInclude>
    <ClInclude Include="restart_elevated.h">
      <Filter>Utils</Filter>
    </ClInclude>
    <ClInclude Include="UpdateUtils.h">
      <Filter>Utils</Filter>
    </ClInclude>
    <ClInclude Include="ActionRunnerUtils.h">
      <Filter>Utils</Filter>
    </ClInclude>
    <ClInclude Include="ai_detection.h">
      <Filter>Utils</Filter>
    </ClInclude>
    <ClInclude Include="resource.h">
      <Filter>Utils</Filter>
    </ClInclude>
    <ClInclude Include="centralized_kb_hook.h">
      <Filter>Utils</Filter>
    </ClInclude>
    <ClInclude Include="settings_telemetry.h">
      <Filter>Utils</Filter>
    </ClInclude>
    <ClInclude Include="centralized_hotkeys.h">
      <Filter>Utils</Filter>
    </ClInclude>
    <ClInclude Include="bug_report.h">
      <Filter>Utils</Filter>
    </ClInclude>
    <ClInclude Include="hotkey_conflict_detector.h">
      <Filter>Utils</Filter>
    </ClInclude>
    <ClInclude Include="quick_access_host.h">
      <Filter>Utils</Filter>
    </ClInclude>
  </ItemGroup>
  <ItemGroup>
    <Filter Include="Utils">
      <UniqueIdentifier>{bc27e9c1-8afa-4d62-8179-789f4651c0b6}</UniqueIdentifier>
    </Filter>
    <Filter Include="Resource Files">
      <UniqueIdentifier>{74d0b535-16ee-46cc-9adf-dc4668bbcfda}</UniqueIdentifier>
    </Filter>
    <Filter Include="Header Files">
      <UniqueIdentifier>{18a4e642-9246-4494-b916-8505aed19914}</UniqueIdentifier>
    </Filter>
  </ItemGroup>
  <ItemGroup>
    <CopyFileToFolders Include="svgs\icon.ico" />
    <CopyFileToFolders Include="svgs\PowerToysDark.ico" />
    <CopyFileToFolders Include="svgs\PowerToysWhite.ico" />
  </ItemGroup>
  <ItemGroup>
    <None Include="runner.base.rc" />
  </ItemGroup>
  <ItemGroup>
    <Manifest Include="PowerToys.exe.manifest" />
  </ItemGroup>
  <ItemGroup>
    <ResourceCompile Include="Generated Files/runner.rc" />
  </ItemGroup>
  <ItemGroup>
    <EmbeddedResource Include="Resources.resx">
      <Filter>Resource Files</Filter>
    </EmbeddedResource>
  </ItemGroup>
  <ItemGroup>
    <Natvis Include="$(MSBuildThisFileDirectory)..\..\natvis\wil.natvis" />
  </ItemGroup>
</Project>